
Microsoft Visual Studio Solution File, Format Version 12.00
# Visual Studio Version 16
VisualStudioVersion = 16.0.29102.190
MinimumVisualStudioVersion = 10.0.40219.1
Project("{2150E333-8FDC-42A3-9474-1A3956D46DE8}") = "Solution Items", "Solution Items", "{B4D52673-742B-4204-9B7B-7A63F5F2863E}"
	ProjectSection(SolutionItems) = preProject
		.editorconfig = .editorconfig
		.gitignore = .gitignore
		global.json = global.json
		NuGet.Config = NuGet.Config
		Update-Version.ps1 = Update-Version.ps1
	EndProjectSection
EndProject
Project("{2150E333-8FDC-42A3-9474-1A3956D46DE8}") = "Core", "Core", "{9EA3F4AE-0260-4B8A-98AD-25803026D4E5}"
EndProject
Project("{2150E333-8FDC-42A3-9474-1A3956D46DE8}") = "Legacy", "Legacy", "{13C6F057-3FA8-4E45-BB6D-09E958B0A4C2}"
EndProject
Project("{2150E333-8FDC-42A3-9474-1A3956D46DE8}") = "AspNetCore", "AspNetCore", "{57500288-3639-445F-8E6E-D66057C5CD99}"
EndProject
Project("{9A19103F-16F7-4668-BE54-9A1E7A4F7556}") = "Umbrella.Utilities", "Core\src\Umbrella.Utilities\Umbrella.Utilities.csproj", "{8E28E28C-BE21-4707-B32B-02246D62EE79}"
EndProject
Project("{9A19103F-16F7-4668-BE54-9A1E7A4F7556}") = "Umbrella.WebUtilities", "Core\src\Umbrella.WebUtilities\Umbrella.WebUtilities.csproj", "{51D68721-517F-4A5C-91EF-1C5EFC18798E}"
EndProject
Project("{9A19103F-16F7-4668-BE54-9A1E7A4F7556}") = "Umbrella.DataAccess.Abstractions", "DataAccess\src\Umbrella.DataAccess.Abstractions\Umbrella.DataAccess.Abstractions.csproj", "{38863552-10BC-4F81-B281-74435D4C7485}"
EndProject
Project("{9A19103F-16F7-4668-BE54-9A1E7A4F7556}") = "Umbrella.AspNetCore.WebUtilities.Test", "AspNetCore\test\Umbrella.AspNetCore.WebUtilities.Test\Umbrella.AspNetCore.WebUtilities.Test.csproj", "{650A5A85-5956-491E-9312-5E25A27D1108}"
EndProject
Project("{9A19103F-16F7-4668-BE54-9A1E7A4F7556}") = "Umbrella.Legacy.WebUtilities", "Legacy\src\Umbrella.Legacy.WebUtilities\Umbrella.Legacy.WebUtilities.csproj", "{5776DF6A-F53F-4A3E-AAE2-566EDC77DB29}"
EndProject
Project("{9A19103F-16F7-4668-BE54-9A1E7A4F7556}") = "Umbrella.DataAnnotations", "Core\src\Umbrella.DataAnnotations\Umbrella.DataAnnotations.csproj", "{89194FB0-E735-4A79-91E5-C02B8E631DA0}"
EndProject
Project("{9A19103F-16F7-4668-BE54-9A1E7A4F7556}") = "Umbrella.DataAnnotations.Test", "Core\test\Umbrella.DataAnnotations.Test\Umbrella.DataAnnotations.Test.csproj", "{EF7FC951-650A-4B87-87CA-E1350B24AB66}"
EndProject
Project("{9A19103F-16F7-4668-BE54-9A1E7A4F7556}") = "Umbrella.Legacy.WebUtilities.DynamicImage", "Legacy\src\Umbrella.Legacy.WebUtilities.DynamicImage\Umbrella.Legacy.WebUtilities.DynamicImage.csproj", "{37315368-C0EF-4DEA-BA1D-D514B9FB7F42}"
EndProject
Project("{9A19103F-16F7-4668-BE54-9A1E7A4F7556}") = "Umbrella.Utilities.Test", "Core\test\Umbrella.Utilities.Test\Umbrella.Utilities.Test.csproj", "{90EE8E03-55F4-4EBB-8AB5-35848CECA09C}"
EndProject
Project("{9A19103F-16F7-4668-BE54-9A1E7A4F7556}") = "Umbrella.Legacy.WebUtilities.DataAnnotations", "Legacy\src\Umbrella.Legacy.WebUtilities.DataAnnotations\Umbrella.Legacy.WebUtilities.DataAnnotations.csproj", "{EDCADC38-86E4-478E-9F0C-374F523D7FC1}"
EndProject
Project("{9A19103F-16F7-4668-BE54-9A1E7A4F7556}") = "Umbrella.Extensions.Logging.Log4Net", "Logging\src\Umbrella.Extensions.Logging.Log4Net\Umbrella.Extensions.Logging.Log4Net.csproj", "{15E0827C-6AED-4295-B5F9-9EB564B41DC0}"
EndProject
Project("{9A19103F-16F7-4668-BE54-9A1E7A4F7556}") = "Umbrella.Legacy.Utilities", "Legacy\src\Umbrella.Legacy.Utilities\Umbrella.Legacy.Utilities.csproj", "{B630BB27-C12D-4DF5-B4CA-B8E3DFF31224}"
EndProject
Project("{9A19103F-16F7-4668-BE54-9A1E7A4F7556}") = "Umbrella.DataAccess.EF6", "DataAccess\src\Umbrella.DataAccess.EF6\Umbrella.DataAccess.EF6.csproj", "{F0868FBD-BC81-431F-9A45-8E10BBC08E7A}"
EndProject
Project("{9A19103F-16F7-4668-BE54-9A1E7A4F7556}") = "Umbrella.AspNetCore.WebUtilities", "AspNetCore\src\Umbrella.AspNetCore.WebUtilities\Umbrella.AspNetCore.WebUtilities.csproj", "{F07EDE25-B6E9-4D2D-903A-C36E850C0C94}"
EndProject
Project("{9A19103F-16F7-4668-BE54-9A1E7A4F7556}") = "Umbrella.Extensions.Logging.Log4Net.Azure", "Logging\src\Umbrella.Extensions.Logging.Log4Net.Azure\Umbrella.Extensions.Logging.Log4Net.Azure.csproj", "{5B1F4B31-7E84-4FB1-9CBE-B4DBFE8318CD}"
EndProject
Project("{9A19103F-16F7-4668-BE54-9A1E7A4F7556}") = "Umbrella.DataAccess.MultiTenant.EF6", "DataAccess\src\Umbrella.DataAccess.MultiTenant.EF6\Umbrella.DataAccess.MultiTenant.EF6.csproj", "{552F0401-14AE-4D2C-BF4E-ED6471201D71}"
EndProject
Project("{9A19103F-16F7-4668-BE54-9A1E7A4F7556}") = "Umbrella.AspNetCore.MultiTenant", "AspNetCore\src\Umbrella.AspNetCore.MultiTenant\Umbrella.AspNetCore.MultiTenant.csproj", "{0A2DD608-EDFF-446F-87D4-A99141E90EB1}"
EndProject
Project("{9A19103F-16F7-4668-BE54-9A1E7A4F7556}") = "Umbrella.ActiveDirectory", "Core\src\Umbrella.ActiveDirectory\Umbrella.ActiveDirectory.csproj", "{907E51AA-0997-4E70-A28C-23DB4374E406}"
EndProject
Project("{9A19103F-16F7-4668-BE54-9A1E7A4F7556}") = "Umbrella.DataAccess.Mapping", "DataAccess\src\Umbrella.DataAccess.Mapping\Umbrella.DataAccess.Mapping.csproj", "{90EC7DCA-8B0F-4833-A60C-223EC3138E36}"
EndProject
Project("{9A19103F-16F7-4668-BE54-9A1E7A4F7556}") = "Umbrella.AspNetCore.DataAnnotations", "AspNetCore\src\Umbrella.AspNetCore.DataAnnotations\Umbrella.AspNetCore.DataAnnotations.csproj", "{FE1010FA-192E-4C9E-B1A5-89073631DDC2}"
EndProject
Project("{9A19103F-16F7-4668-BE54-9A1E7A4F7556}") = "Umbrella.TypeScript.Annotations", "TypeScript\src\Umbrella.TypeScript.Annotations\Umbrella.TypeScript.Annotations.csproj", "{55BED670-A11E-4516-BC33-52855F022D30}"
EndProject
Project("{9A19103F-16F7-4668-BE54-9A1E7A4F7556}") = "Umbrella.TypeScript.Tools", "TypeScript\src\Umbrella.TypeScript.Tools\Umbrella.TypeScript.Tools.csproj", "{8DE8C471-2ED0-4B28-94D0-742BF89D543F}"
EndProject
Project("{9A19103F-16F7-4668-BE54-9A1E7A4F7556}") = "Umbrella.AspNetCore.WebUtilities.DynamicImage", "AspNetCore\src\Umbrella.AspNetCore.WebUtilities.DynamicImage\Umbrella.AspNetCore.WebUtilities.DynamicImage.csproj", "{2C6B1D0D-EDA4-4125-B3A3-EFAD6D8C7A15}"
EndProject
Project("{9A19103F-16F7-4668-BE54-9A1E7A4F7556}") = "Umbrella.TypeScript", "TypeScript\src\Umbrella.TypeScript\Umbrella.TypeScript.csproj", "{26DE1D59-0106-4C38-9722-1A3C373C662E}"
EndProject
Project("{9A19103F-16F7-4668-BE54-9A1E7A4F7556}") = "Umbrella.TypeScript.Test", "TypeScript\test\Umbrella.TypeScript.Test\Umbrella.TypeScript.Test.csproj", "{80CCAF8F-96F1-4BF4-B1D3-7F6D9249FE5F}"
EndProject
Project("{9A19103F-16F7-4668-BE54-9A1E7A4F7556}") = "Umbrella.TypeScript.Aurelia", "TypeScript\src\Umbrella.TypeScript.Aurelia\Umbrella.TypeScript.Aurelia.csproj", "{1F388195-8BBD-49C7-BDC3-F9D774A0489C}"
EndProject
Project("{9A19103F-16F7-4668-BE54-9A1E7A4F7556}") = "Umbrella.TypeScript.Aurelia.Tools", "TypeScript\src\Umbrella.TypeScript.Aurelia.Tools\Umbrella.TypeScript.Aurelia.Tools.csproj", "{23937086-8EEE-424F-9837-EEC3CC9BF7CF}"
EndProject
Project("{9A19103F-16F7-4668-BE54-9A1E7A4F7556}") = "Umbrella.TypeScript.Aurelia.Test", "TypeScript\test\Umbrella.TypeScript.Aurelia.Test\Umbrella.TypeScript.Aurelia.Test.csproj", "{ED48DA42-703B-4F8B-9605-E262EDCD8BCD}"
EndProject
Project("{9A19103F-16F7-4668-BE54-9A1E7A4F7556}") = "Umbrella.DynamicImage.Abstractions", "DynamicImage\src\Umbrella.DynamicImage.Abstractions\Umbrella.DynamicImage.Abstractions.csproj", "{94DCA90F-03D5-4E8F-88C5-E4882AC98DE5}"
EndProject
Project("{9A19103F-16F7-4668-BE54-9A1E7A4F7556}") = "Umbrella.DynamicImage", "DynamicImage\src\Umbrella.DynamicImage\Umbrella.DynamicImage.csproj", "{4D3680D0-81EA-4B35-A47E-42507C38953C}"
EndProject
Project("{9A19103F-16F7-4668-BE54-9A1E7A4F7556}") = "Umbrella.DynamicImage.Caching.AzureStorage", "DynamicImage\src\Umbrella.DynamicImage.Caching.AzureStorage\Umbrella.DynamicImage.Caching.AzureStorage.csproj", "{7CACBC66-1459-4E42-A673-172A39646D95}"
EndProject
Project("{9A19103F-16F7-4668-BE54-9A1E7A4F7556}") = "Umbrella.DynamicImage.Test", "DynamicImage\test\Umbrella.DynamicImage.Test\Umbrella.DynamicImage.Test.csproj", "{E9ECDF2D-0A5C-45FF-8457-7D11B8750097}"
EndProject
Project("{9A19103F-16F7-4668-BE54-9A1E7A4F7556}") = "Umbrella.DynamicImage.Impl.Test", "DynamicImage\test\Umbrella.DynamicImage.Impl.Test\Umbrella.DynamicImage.Impl.Test.csproj", "{A48D6A8C-B1E4-4FA9-B4EE-895AB040B5BC}"
EndProject
Project("{9A19103F-16F7-4668-BE54-9A1E7A4F7556}") = "Umbrella.FileSystem.Abstractions", "FileSystem\src\Umbrella.FileSystem.Abstractions\Umbrella.FileSystem.Abstractions.csproj", "{DC3A3FFA-7EA2-48A4-A43D-CC57036DA356}"
EndProject
Project("{9A19103F-16F7-4668-BE54-9A1E7A4F7556}") = "Umbrella.FileSystem.AzureStorage", "FileSystem\src\Umbrella.FileSystem.AzureStorage\Umbrella.FileSystem.AzureStorage.csproj", "{A23F38F1-8CE7-483F-AADE-685EAF303E67}"
EndProject
Project("{9A19103F-16F7-4668-BE54-9A1E7A4F7556}") = "Umbrella.FileSystem.Disk", "FileSystem\src\Umbrella.FileSystem.Disk\Umbrella.FileSystem.Disk.csproj", "{C9B1A1E3-7374-465C-8043-67966E1461AA}"
EndProject
Project("{9A19103F-16F7-4668-BE54-9A1E7A4F7556}") = "Umbrella.FileSystem.Test", "FileSystem\test\Umbrella.FileSystem.Test\Umbrella.FileSystem.Test.csproj", "{E25F6C5A-F7EC-45EA-8A7A-33A1F0DD6820}"
EndProject
Project("{9A19103F-16F7-4668-BE54-9A1E7A4F7556}") = "Umbrella.Legacy.WebUtilities.Test", "Legacy\test\Umbrella.Legacy.WebUtilities.Test\Umbrella.Legacy.WebUtilities.Test.csproj", "{AF51C65C-F241-48C7-81DD-9E0E763E2002}"
EndProject
Project("{9A19103F-16F7-4668-BE54-9A1E7A4F7556}") = "Umbrella.DynamicImage.Benchmark", "DynamicImage\benchmark\Umbrella.DynamicImage.Benchmark\Umbrella.DynamicImage.Benchmark.csproj", "{2DFB32F0-7CF9-48DF-B436-268B0C2171E8}"
EndProject
Project("{2150E333-8FDC-42A3-9474-1A3956D46DE8}") = "DataAccess", "DataAccess", "{A5C95561-6F4D-47F2-9A8C-304936EAB91E}"
EndProject
Project("{2150E333-8FDC-42A3-9474-1A3956D46DE8}") = "DynamicImage", "DynamicImage", "{B4573EB2-729C-4FDD-B98F-F670F22EA70B}"
EndProject
Project("{2150E333-8FDC-42A3-9474-1A3956D46DE8}") = "FileSystem", "FileSystem", "{76678751-0AB6-4A07-91DF-77B606243BFB}"
EndProject
Project("{2150E333-8FDC-42A3-9474-1A3956D46DE8}") = "TypeScript", "TypeScript", "{93BDE866-FD9C-41FF-B4D8-7C7D227979B1}"
EndProject
Project("{2150E333-8FDC-42A3-9474-1A3956D46DE8}") = "src", "src", "{A592A2ED-763F-4172-95DB-316662A0A42E}"
EndProject
Project("{2150E333-8FDC-42A3-9474-1A3956D46DE8}") = "test", "test", "{1695D124-726F-446B-988E-61B9B440D345}"
EndProject
Project("{2150E333-8FDC-42A3-9474-1A3956D46DE8}") = "benchmark", "benchmark", "{851778A7-A1C9-4406-88A2-A297FF993B8B}"
EndProject
Project("{2150E333-8FDC-42A3-9474-1A3956D46DE8}") = "benchmark", "benchmark", "{B35C85E1-B2C5-4F0B-9975-6E86DF7F5BE9}"
EndProject
Project("{2150E333-8FDC-42A3-9474-1A3956D46DE8}") = "src", "src", "{84D45264-D944-4A17-A230-AAEECE889301}"
EndProject
Project("{2150E333-8FDC-42A3-9474-1A3956D46DE8}") = "test", "test", "{D8B05C3A-5AAC-41F7-99C8-3279378B68AB}"
EndProject
Project("{2150E333-8FDC-42A3-9474-1A3956D46DE8}") = "benchmark", "benchmark", "{B1A9F314-D3AA-4471-8600-1ADE1AC0BC74}"
EndProject
Project("{2150E333-8FDC-42A3-9474-1A3956D46DE8}") = "src", "src", "{A2F5D3BD-EF91-4288-A6EB-59F2B758E27D}"
EndProject
Project("{2150E333-8FDC-42A3-9474-1A3956D46DE8}") = "test", "test", "{BA5F819A-90BB-4BC8-B416-EC6CFB6B4C46}"
EndProject
Project("{2150E333-8FDC-42A3-9474-1A3956D46DE8}") = "benchmark", "benchmark", "{CF39F1F0-5D3B-43BA-82C9-65D9DACD1546}"
EndProject
Project("{2150E333-8FDC-42A3-9474-1A3956D46DE8}") = "src", "src", "{495839BF-FFB6-4499-A175-05B00E9AEBE8}"
EndProject
Project("{2150E333-8FDC-42A3-9474-1A3956D46DE8}") = "test", "test", "{B96CCD57-314A-4D2F-B662-C99C63C315DA}"
EndProject
Project("{2150E333-8FDC-42A3-9474-1A3956D46DE8}") = "benchmark", "benchmark", "{7E944E05-7B43-412C-BA8D-23D9E5DEB393}"
EndProject
Project("{2150E333-8FDC-42A3-9474-1A3956D46DE8}") = "src", "src", "{F61F0400-D7A1-441F-80DF-B513F329225A}"
EndProject
Project("{2150E333-8FDC-42A3-9474-1A3956D46DE8}") = "test", "test", "{88E8C3C8-7EAE-48FF-BFC1-F927F12BD399}"
EndProject
Project("{2150E333-8FDC-42A3-9474-1A3956D46DE8}") = "benchmark", "benchmark", "{A5C640E8-7827-405F-AC11-756257BA0848}"
EndProject
Project("{2150E333-8FDC-42A3-9474-1A3956D46DE8}") = "src", "src", "{DD608A44-2EC2-4F08-8BE0-E182F55EEC09}"
EndProject
Project("{2150E333-8FDC-42A3-9474-1A3956D46DE8}") = "test", "test", "{69482B75-22AB-4495-8782-8BBA8DAA2B15}"
EndProject
Project("{2150E333-8FDC-42A3-9474-1A3956D46DE8}") = "src", "src", "{B1144C83-C2B3-40FB-8F68-22A3228E7725}"
EndProject
Project("{2150E333-8FDC-42A3-9474-1A3956D46DE8}") = "benchmark", "benchmark", "{631C6BA4-0152-44A1-9530-ABFBABB564DB}"
EndProject
Project("{2150E333-8FDC-42A3-9474-1A3956D46DE8}") = "test", "test", "{FC43C9FD-4517-4D08-95DA-E3E516A807BD}"
EndProject
Project("{9A19103F-16F7-4668-BE54-9A1E7A4F7556}") = "Umbrella.DynamicImage.SkiaSharp", "DynamicImage\src\Umbrella.DynamicImage.SkiaSharp\Umbrella.DynamicImage.SkiaSharp.csproj", "{61C816A8-2919-47D8-8D07-7B6F8CC1483D}"
EndProject
Project("{9A19103F-16F7-4668-BE54-9A1E7A4F7556}") = "Umbrella.DynamicImage.FreeImage", "DynamicImage\src\Umbrella.DynamicImage.FreeImage\Umbrella.DynamicImage.FreeImage.csproj", "{5AC3FA02-4826-470D-84D4-BC4D681B804C}"
EndProject
Project("{9A19103F-16F7-4668-BE54-9A1E7A4F7556}") = "Umbrella.Extensions.Logging.Log4Net.Azure.Test", "Logging\test\Umbrella.Extensions.Logging.Log4Net.Azure.Test\Umbrella.Extensions.Logging.Log4Net.Azure.Test.csproj", "{B9A27B72-7849-4BF8-BDD5-A4C0C25F30D6}"
EndProject
Project("{2150E333-8FDC-42A3-9474-1A3956D46DE8}") = "Logging", "Logging", "{1A673C30-B606-479B-A067-111CCAEFEF2F}"
EndProject
Project("{2150E333-8FDC-42A3-9474-1A3956D46DE8}") = "src", "src", "{7B35E0EB-A59C-4EDC-B255-E2B469A4DB20}"
EndProject
Project("{2150E333-8FDC-42A3-9474-1A3956D46DE8}") = "benchmark", "benchmark", "{6669CFBF-6FC2-4BFE-A712-A96A403D0D54}"
EndProject
Project("{2150E333-8FDC-42A3-9474-1A3956D46DE8}") = "test", "test", "{97D84008-D9A9-4A0C-B51C-144F3ABEEF11}"
EndProject
Project("{9A19103F-16F7-4668-BE54-9A1E7A4F7556}") = "Umbrella.AspNetCore.WebUtilities.DynamicImage.Test", "AspNetCore\test\Umbrella.AspNetCore.WebUtilities.DynamicImage.Test\Umbrella.AspNetCore.WebUtilities.DynamicImage.Test.csproj", "{D3C8B80C-F585-4BD9-A02C-2C403C4E659F}"
EndProject
Project("{9A19103F-16F7-4668-BE54-9A1E7A4F7556}") = "Umbrella.Extensions.Logging.Azure", "Logging\src\Umbrella.Extensions.Logging.Azure\Umbrella.Extensions.Logging.Azure.csproj", "{37FF704B-43D7-4B73-9CD2-736E1DDBD082}"
EndProject
Project("{9A19103F-16F7-4668-BE54-9A1E7A4F7556}") = "Umbrella.Utilities.Benchmark", "Core\benchmark\Umbrella.Utilities.Benchmark\Umbrella.Utilities.Benchmark.csproj", "{C55A126A-6326-4487-A4ED-53985786943D}"
EndProject
Project("{9A19103F-16F7-4668-BE54-9A1E7A4F7556}") = "Umbrella.WebUtilities.Test", "Core\test\Umbrella.WebUtilities.Test\Umbrella.WebUtilities.Test.csproj", "{EB7B2014-DB57-4460-BDBF-A055A2F81D9F}"
EndProject
Project("{9A19103F-16F7-4668-BE54-9A1E7A4F7556}") = "Umbrella.Legacy.WebUtilities.Bundling", "Legacy\src\Umbrella.Legacy.WebUtilities.Bundling\Umbrella.Legacy.WebUtilities.Bundling.csproj", "{BE5E8DB0-788E-42FA-99DF-862D8638E4C1}"
EndProject
Project("{9A19103F-16F7-4668-BE54-9A1E7A4F7556}") = "Umbrella.Legacy.WebUtilities.Benchmark", "Legacy\benchmark\Umbrella.Legacy.WebUtilities.Benchmark\Umbrella.Legacy.WebUtilities.Benchmark.csproj", "{0CF14D74-4F11-4233-A2EF-28965746F36B}"
EndProject
Project("{9A19103F-16F7-4668-BE54-9A1E7A4F7556}") = "Umbrella.Extensions.Logging.ApplicationInsights", "Logging\src\Umbrella.Extensions.Logging.ApplicationInsights\Umbrella.Extensions.Logging.ApplicationInsights.csproj", "{0CAE734E-FDB2-4960-A321-F34388C1E661}"
EndProject
Project("{9A19103F-16F7-4668-BE54-9A1E7A4F7556}") = "Umbrella.Legacy.WebUtilities.FileSystem", "Legacy\src\Umbrella.Legacy.WebUtilities.FileSystem\Umbrella.Legacy.WebUtilities.FileSystem.csproj", "{2E033F87-5595-4F68-889A-348B6F5B2482}"
EndProject
Project("{9A19103F-16F7-4668-BE54-9A1E7A4F7556}") = "Umbrella.DataAccess.Remote", "DataAccess\src\Umbrella.DataAccess.Remote\Umbrella.DataAccess.Remote.csproj", "{04E66834-571E-4717-8904-654D38D265FD}"
EndProject
Project("{9A19103F-16F7-4668-BE54-9A1E7A4F7556}") = "Umbrella.DataAccess.EntityFrameworkCore", "DataAccess\src\Umbrella.DataAccess.EntityFrameworkCore\Umbrella.DataAccess.EntityFrameworkCore.csproj", "{F16BB3B3-CCD8-4FC7-98FB-290175C30098}"
EndProject
Project("{9A19103F-16F7-4668-BE54-9A1E7A4F7556}") = "Umbrella.DataAccess.MultiTenant.Abstractions", "DataAccess\src\Umbrella.DataAccess.MultiTenant.Abstractions\Umbrella.DataAccess.MultiTenant.Abstractions.csproj", "{49EFE21B-B52C-491C-AB4E-8915A94B6276}"
EndProject
Project("{9A19103F-16F7-4668-BE54-9A1E7A4F7556}") = "Umbrella.WebUtilities.DynamicImage", "Core\src\Umbrella.WebUtilities.DynamicImage\Umbrella.WebUtilities.DynamicImage.csproj", "{9719FC0C-7517-4450-A0DC-2A64A41B84F3}"
EndProject
Project("{9A19103F-16F7-4668-BE54-9A1E7A4F7556}") = "Umbrella.WebUtilities.FileSystem", "Core\src\Umbrella.WebUtilities.FileSystem\Umbrella.WebUtilities.FileSystem.csproj", "{A17DC258-AADB-45B0-B0E3-364A2D21B19B}"
EndProject
Project("{9A19103F-16F7-4668-BE54-9A1E7A4F7556}") = "Umbrella.AspNetCore.WebUtilities.FileSystem", "AspNetCore\src\Umbrella.AspNetCore.WebUtilities.FileSystem\Umbrella.AspNetCore.WebUtilities.FileSystem.csproj", "{46416A5E-DE1A-4500-AF89-FD43C320F2FD}"
EndProject
Project("{2150E333-8FDC-42A3-9474-1A3956D46DE8}") = "Internal", "Internal", "{0C59D50A-7EAC-44EE-9652-8A4E4157CFE2}"
EndProject
Project("{9A19103F-16F7-4668-BE54-9A1E7A4F7556}") = "Umbrella.Internal.Mocks", "Internal\src\Umbrella.Internal.Mocks\Umbrella.Internal.Mocks.csproj", "{A9513EE8-19C4-449D-ADE5-EAA5E828B996}"
EndProject
Project("{9A19103F-16F7-4668-BE54-9A1E7A4F7556}") = "Umbrella.DataAccess.EntityFrameworkCore.SqlServer", "DataAccess\src\Umbrella.DataAccess.EntityFrameworkCore.SqlServer\Umbrella.DataAccess.EntityFrameworkCore.SqlServer.csproj", "{95ADB532-107B-4103-A9F6-3F6165B8762A}"
EndProject
Project("{9A19103F-16F7-4668-BE54-9A1E7A4F7556}") = "Umbrella.AspNetCore.Identity.EntityFrameworkCore", "AspNetCore\src\Umbrella.AspNetCore.Identity.EntityFrameworkCore\Umbrella.AspNetCore.Identity.EntityFrameworkCore.csproj", "{3124FFEA-EB2C-4053-AED7-42473646A6FD}"
EndProject
Project("{FAE04EC0-301F-11D3-BF4B-00C04F79EFBC}") = "Umbrella.DataAccess.Abstractions.Test", "DataAccess\test\Umbrella.DataAccess.Abstractions.Test\Umbrella.DataAccess.Abstractions.Test.csproj", "{E478C037-D11B-4C89-BB3E-C779A95AC2B1}"
EndProject
Global
	GlobalSection(SolutionConfigurationPlatforms) = preSolution
		AzureDevOps|Any CPU = AzureDevOps|Any CPU
		Debug|Any CPU = Debug|Any CPU
		Release|Any CPU = Release|Any CPU
	EndGlobalSection
	GlobalSection(ProjectConfigurationPlatforms) = postSolution
		{8E28E28C-BE21-4707-B32B-02246D62EE79}.AzureDevOps|Any CPU.ActiveCfg = AzureDevOps|Any CPU
		{8E28E28C-BE21-4707-B32B-02246D62EE79}.AzureDevOps|Any CPU.Build.0 = AzureDevOps|Any CPU
		{8E28E28C-BE21-4707-B32B-02246D62EE79}.Debug|Any CPU.ActiveCfg = Debug|Any CPU
		{8E28E28C-BE21-4707-B32B-02246D62EE79}.Debug|Any CPU.Build.0 = Debug|Any CPU
		{8E28E28C-BE21-4707-B32B-02246D62EE79}.Release|Any CPU.ActiveCfg = Release|Any CPU
		{8E28E28C-BE21-4707-B32B-02246D62EE79}.Release|Any CPU.Build.0 = Release|Any CPU
		{51D68721-517F-4A5C-91EF-1C5EFC18798E}.AzureDevOps|Any CPU.ActiveCfg = AzureDevOps|Any CPU
		{51D68721-517F-4A5C-91EF-1C5EFC18798E}.AzureDevOps|Any CPU.Build.0 = AzureDevOps|Any CPU
		{51D68721-517F-4A5C-91EF-1C5EFC18798E}.Debug|Any CPU.ActiveCfg = Debug|Any CPU
		{51D68721-517F-4A5C-91EF-1C5EFC18798E}.Debug|Any CPU.Build.0 = Debug|Any CPU
		{51D68721-517F-4A5C-91EF-1C5EFC18798E}.Release|Any CPU.ActiveCfg = Release|Any CPU
		{51D68721-517F-4A5C-91EF-1C5EFC18798E}.Release|Any CPU.Build.0 = Release|Any CPU
		{38863552-10BC-4F81-B281-74435D4C7485}.AzureDevOps|Any CPU.ActiveCfg = AzureDevOps|Any CPU
		{38863552-10BC-4F81-B281-74435D4C7485}.AzureDevOps|Any CPU.Build.0 = AzureDevOps|Any CPU
		{38863552-10BC-4F81-B281-74435D4C7485}.Debug|Any CPU.ActiveCfg = Debug|Any CPU
		{38863552-10BC-4F81-B281-74435D4C7485}.Debug|Any CPU.Build.0 = Debug|Any CPU
		{38863552-10BC-4F81-B281-74435D4C7485}.Release|Any CPU.ActiveCfg = Release|Any CPU
		{38863552-10BC-4F81-B281-74435D4C7485}.Release|Any CPU.Build.0 = Release|Any CPU
		{650A5A85-5956-491E-9312-5E25A27D1108}.AzureDevOps|Any CPU.ActiveCfg = AzureDevOps|Any CPU
		{650A5A85-5956-491E-9312-5E25A27D1108}.AzureDevOps|Any CPU.Build.0 = AzureDevOps|Any CPU
		{650A5A85-5956-491E-9312-5E25A27D1108}.Debug|Any CPU.ActiveCfg = Debug|Any CPU
		{650A5A85-5956-491E-9312-5E25A27D1108}.Debug|Any CPU.Build.0 = Debug|Any CPU
		{650A5A85-5956-491E-9312-5E25A27D1108}.Release|Any CPU.ActiveCfg = Release|Any CPU
		{650A5A85-5956-491E-9312-5E25A27D1108}.Release|Any CPU.Build.0 = Release|Any CPU
		{5776DF6A-F53F-4A3E-AAE2-566EDC77DB29}.AzureDevOps|Any CPU.ActiveCfg = AzureDevOps|Any CPU
		{5776DF6A-F53F-4A3E-AAE2-566EDC77DB29}.AzureDevOps|Any CPU.Build.0 = AzureDevOps|Any CPU
		{5776DF6A-F53F-4A3E-AAE2-566EDC77DB29}.Debug|Any CPU.ActiveCfg = Debug|Any CPU
		{5776DF6A-F53F-4A3E-AAE2-566EDC77DB29}.Debug|Any CPU.Build.0 = Debug|Any CPU
		{5776DF6A-F53F-4A3E-AAE2-566EDC77DB29}.Release|Any CPU.ActiveCfg = Release|Any CPU
		{5776DF6A-F53F-4A3E-AAE2-566EDC77DB29}.Release|Any CPU.Build.0 = Release|Any CPU
		{89194FB0-E735-4A79-91E5-C02B8E631DA0}.AzureDevOps|Any CPU.ActiveCfg = AzureDevOps|Any CPU
		{89194FB0-E735-4A79-91E5-C02B8E631DA0}.AzureDevOps|Any CPU.Build.0 = AzureDevOps|Any CPU
		{89194FB0-E735-4A79-91E5-C02B8E631DA0}.Debug|Any CPU.ActiveCfg = Debug|Any CPU
		{89194FB0-E735-4A79-91E5-C02B8E631DA0}.Debug|Any CPU.Build.0 = Debug|Any CPU
		{89194FB0-E735-4A79-91E5-C02B8E631DA0}.Release|Any CPU.ActiveCfg = Release|Any CPU
		{89194FB0-E735-4A79-91E5-C02B8E631DA0}.Release|Any CPU.Build.0 = Release|Any CPU
		{EF7FC951-650A-4B87-87CA-E1350B24AB66}.AzureDevOps|Any CPU.ActiveCfg = AzureDevOps|Any CPU
		{EF7FC951-650A-4B87-87CA-E1350B24AB66}.AzureDevOps|Any CPU.Build.0 = AzureDevOps|Any CPU
		{EF7FC951-650A-4B87-87CA-E1350B24AB66}.Debug|Any CPU.ActiveCfg = Debug|Any CPU
		{EF7FC951-650A-4B87-87CA-E1350B24AB66}.Debug|Any CPU.Build.0 = Debug|Any CPU
		{EF7FC951-650A-4B87-87CA-E1350B24AB66}.Release|Any CPU.ActiveCfg = Release|Any CPU
		{EF7FC951-650A-4B87-87CA-E1350B24AB66}.Release|Any CPU.Build.0 = Release|Any CPU
		{37315368-C0EF-4DEA-BA1D-D514B9FB7F42}.AzureDevOps|Any CPU.ActiveCfg = AzureDevOps|Any CPU
		{37315368-C0EF-4DEA-BA1D-D514B9FB7F42}.AzureDevOps|Any CPU.Build.0 = AzureDevOps|Any CPU
		{37315368-C0EF-4DEA-BA1D-D514B9FB7F42}.Debug|Any CPU.ActiveCfg = Debug|Any CPU
		{37315368-C0EF-4DEA-BA1D-D514B9FB7F42}.Debug|Any CPU.Build.0 = Debug|Any CPU
		{37315368-C0EF-4DEA-BA1D-D514B9FB7F42}.Release|Any CPU.ActiveCfg = Release|Any CPU
		{37315368-C0EF-4DEA-BA1D-D514B9FB7F42}.Release|Any CPU.Build.0 = Release|Any CPU
		{90EE8E03-55F4-4EBB-8AB5-35848CECA09C}.AzureDevOps|Any CPU.ActiveCfg = AzureDevOps|Any CPU
		{90EE8E03-55F4-4EBB-8AB5-35848CECA09C}.AzureDevOps|Any CPU.Build.0 = AzureDevOps|Any CPU
		{90EE8E03-55F4-4EBB-8AB5-35848CECA09C}.Debug|Any CPU.ActiveCfg = Debug|Any CPU
		{90EE8E03-55F4-4EBB-8AB5-35848CECA09C}.Debug|Any CPU.Build.0 = Debug|Any CPU
		{90EE8E03-55F4-4EBB-8AB5-35848CECA09C}.Release|Any CPU.ActiveCfg = Release|Any CPU
		{90EE8E03-55F4-4EBB-8AB5-35848CECA09C}.Release|Any CPU.Build.0 = Release|Any CPU
		{EDCADC38-86E4-478E-9F0C-374F523D7FC1}.AzureDevOps|Any CPU.ActiveCfg = AzureDevOps|Any CPU
		{EDCADC38-86E4-478E-9F0C-374F523D7FC1}.AzureDevOps|Any CPU.Build.0 = AzureDevOps|Any CPU
		{EDCADC38-86E4-478E-9F0C-374F523D7FC1}.Debug|Any CPU.ActiveCfg = Debug|Any CPU
		{EDCADC38-86E4-478E-9F0C-374F523D7FC1}.Debug|Any CPU.Build.0 = Debug|Any CPU
		{EDCADC38-86E4-478E-9F0C-374F523D7FC1}.Release|Any CPU.ActiveCfg = Release|Any CPU
		{EDCADC38-86E4-478E-9F0C-374F523D7FC1}.Release|Any CPU.Build.0 = Release|Any CPU
		{15E0827C-6AED-4295-B5F9-9EB564B41DC0}.AzureDevOps|Any CPU.ActiveCfg = AzureDevOps|Any CPU
		{15E0827C-6AED-4295-B5F9-9EB564B41DC0}.AzureDevOps|Any CPU.Build.0 = AzureDevOps|Any CPU
		{15E0827C-6AED-4295-B5F9-9EB564B41DC0}.Debug|Any CPU.ActiveCfg = Debug|Any CPU
		{15E0827C-6AED-4295-B5F9-9EB564B41DC0}.Debug|Any CPU.Build.0 = Debug|Any CPU
		{15E0827C-6AED-4295-B5F9-9EB564B41DC0}.Release|Any CPU.ActiveCfg = Release|Any CPU
		{15E0827C-6AED-4295-B5F9-9EB564B41DC0}.Release|Any CPU.Build.0 = Release|Any CPU
		{B630BB27-C12D-4DF5-B4CA-B8E3DFF31224}.AzureDevOps|Any CPU.ActiveCfg = AzureDevOps|Any CPU
		{B630BB27-C12D-4DF5-B4CA-B8E3DFF31224}.AzureDevOps|Any CPU.Build.0 = AzureDevOps|Any CPU
		{B630BB27-C12D-4DF5-B4CA-B8E3DFF31224}.Debug|Any CPU.ActiveCfg = Debug|Any CPU
		{B630BB27-C12D-4DF5-B4CA-B8E3DFF31224}.Debug|Any CPU.Build.0 = Debug|Any CPU
		{B630BB27-C12D-4DF5-B4CA-B8E3DFF31224}.Release|Any CPU.ActiveCfg = Release|Any CPU
		{B630BB27-C12D-4DF5-B4CA-B8E3DFF31224}.Release|Any CPU.Build.0 = Release|Any CPU
		{F0868FBD-BC81-431F-9A45-8E10BBC08E7A}.AzureDevOps|Any CPU.ActiveCfg = AzureDevOps|Any CPU
		{F0868FBD-BC81-431F-9A45-8E10BBC08E7A}.AzureDevOps|Any CPU.Build.0 = AzureDevOps|Any CPU
		{F0868FBD-BC81-431F-9A45-8E10BBC08E7A}.Debug|Any CPU.ActiveCfg = Debug|Any CPU
		{F0868FBD-BC81-431F-9A45-8E10BBC08E7A}.Debug|Any CPU.Build.0 = Debug|Any CPU
		{F0868FBD-BC81-431F-9A45-8E10BBC08E7A}.Release|Any CPU.ActiveCfg = Release|Any CPU
		{F0868FBD-BC81-431F-9A45-8E10BBC08E7A}.Release|Any CPU.Build.0 = Release|Any CPU
		{F07EDE25-B6E9-4D2D-903A-C36E850C0C94}.AzureDevOps|Any CPU.ActiveCfg = AzureDevOps|Any CPU
		{F07EDE25-B6E9-4D2D-903A-C36E850C0C94}.AzureDevOps|Any CPU.Build.0 = AzureDevOps|Any CPU
		{F07EDE25-B6E9-4D2D-903A-C36E850C0C94}.Debug|Any CPU.ActiveCfg = Debug|Any CPU
		{F07EDE25-B6E9-4D2D-903A-C36E850C0C94}.Debug|Any CPU.Build.0 = Debug|Any CPU
		{F07EDE25-B6E9-4D2D-903A-C36E850C0C94}.Release|Any CPU.ActiveCfg = Release|Any CPU
		{F07EDE25-B6E9-4D2D-903A-C36E850C0C94}.Release|Any CPU.Build.0 = Release|Any CPU
		{5B1F4B31-7E84-4FB1-9CBE-B4DBFE8318CD}.AzureDevOps|Any CPU.ActiveCfg = AzureDevOps|Any CPU
		{5B1F4B31-7E84-4FB1-9CBE-B4DBFE8318CD}.AzureDevOps|Any CPU.Build.0 = AzureDevOps|Any CPU
		{5B1F4B31-7E84-4FB1-9CBE-B4DBFE8318CD}.Debug|Any CPU.ActiveCfg = Debug|Any CPU
		{5B1F4B31-7E84-4FB1-9CBE-B4DBFE8318CD}.Debug|Any CPU.Build.0 = Debug|Any CPU
		{5B1F4B31-7E84-4FB1-9CBE-B4DBFE8318CD}.Release|Any CPU.ActiveCfg = Release|Any CPU
		{5B1F4B31-7E84-4FB1-9CBE-B4DBFE8318CD}.Release|Any CPU.Build.0 = Release|Any CPU
		{552F0401-14AE-4D2C-BF4E-ED6471201D71}.AzureDevOps|Any CPU.ActiveCfg = AzureDevOps|Any CPU
		{552F0401-14AE-4D2C-BF4E-ED6471201D71}.AzureDevOps|Any CPU.Build.0 = AzureDevOps|Any CPU
		{552F0401-14AE-4D2C-BF4E-ED6471201D71}.Debug|Any CPU.ActiveCfg = Debug|Any CPU
		{552F0401-14AE-4D2C-BF4E-ED6471201D71}.Debug|Any CPU.Build.0 = Debug|Any CPU
		{552F0401-14AE-4D2C-BF4E-ED6471201D71}.Release|Any CPU.ActiveCfg = Release|Any CPU
		{552F0401-14AE-4D2C-BF4E-ED6471201D71}.Release|Any CPU.Build.0 = Release|Any CPU
		{0A2DD608-EDFF-446F-87D4-A99141E90EB1}.AzureDevOps|Any CPU.ActiveCfg = AzureDevOps|Any CPU
		{0A2DD608-EDFF-446F-87D4-A99141E90EB1}.AzureDevOps|Any CPU.Build.0 = AzureDevOps|Any CPU
		{0A2DD608-EDFF-446F-87D4-A99141E90EB1}.Debug|Any CPU.ActiveCfg = Debug|Any CPU
		{0A2DD608-EDFF-446F-87D4-A99141E90EB1}.Debug|Any CPU.Build.0 = Debug|Any CPU
		{0A2DD608-EDFF-446F-87D4-A99141E90EB1}.Release|Any CPU.ActiveCfg = Release|Any CPU
		{0A2DD608-EDFF-446F-87D4-A99141E90EB1}.Release|Any CPU.Build.0 = Release|Any CPU
		{907E51AA-0997-4E70-A28C-23DB4374E406}.AzureDevOps|Any CPU.ActiveCfg = AzureDevOps|Any CPU
		{907E51AA-0997-4E70-A28C-23DB4374E406}.AzureDevOps|Any CPU.Build.0 = AzureDevOps|Any CPU
		{907E51AA-0997-4E70-A28C-23DB4374E406}.Debug|Any CPU.ActiveCfg = Debug|Any CPU
		{907E51AA-0997-4E70-A28C-23DB4374E406}.Debug|Any CPU.Build.0 = Debug|Any CPU
		{907E51AA-0997-4E70-A28C-23DB4374E406}.Release|Any CPU.ActiveCfg = Release|Any CPU
		{907E51AA-0997-4E70-A28C-23DB4374E406}.Release|Any CPU.Build.0 = Release|Any CPU
		{90EC7DCA-8B0F-4833-A60C-223EC3138E36}.AzureDevOps|Any CPU.ActiveCfg = AzureDevOps|Any CPU
		{90EC7DCA-8B0F-4833-A60C-223EC3138E36}.AzureDevOps|Any CPU.Build.0 = AzureDevOps|Any CPU
		{90EC7DCA-8B0F-4833-A60C-223EC3138E36}.Debug|Any CPU.ActiveCfg = Debug|Any CPU
		{90EC7DCA-8B0F-4833-A60C-223EC3138E36}.Debug|Any CPU.Build.0 = Debug|Any CPU
		{90EC7DCA-8B0F-4833-A60C-223EC3138E36}.Release|Any CPU.ActiveCfg = Release|Any CPU
		{90EC7DCA-8B0F-4833-A60C-223EC3138E36}.Release|Any CPU.Build.0 = Release|Any CPU
		{FE1010FA-192E-4C9E-B1A5-89073631DDC2}.AzureDevOps|Any CPU.ActiveCfg = AzureDevOps|Any CPU
		{FE1010FA-192E-4C9E-B1A5-89073631DDC2}.AzureDevOps|Any CPU.Build.0 = AzureDevOps|Any CPU
		{FE1010FA-192E-4C9E-B1A5-89073631DDC2}.Debug|Any CPU.ActiveCfg = Debug|Any CPU
		{FE1010FA-192E-4C9E-B1A5-89073631DDC2}.Debug|Any CPU.Build.0 = Debug|Any CPU
		{FE1010FA-192E-4C9E-B1A5-89073631DDC2}.Release|Any CPU.ActiveCfg = Release|Any CPU
		{FE1010FA-192E-4C9E-B1A5-89073631DDC2}.Release|Any CPU.Build.0 = Release|Any CPU
		{55BED670-A11E-4516-BC33-52855F022D30}.AzureDevOps|Any CPU.ActiveCfg = AzureDevOps|Any CPU
		{55BED670-A11E-4516-BC33-52855F022D30}.AzureDevOps|Any CPU.Build.0 = AzureDevOps|Any CPU
		{55BED670-A11E-4516-BC33-52855F022D30}.Debug|Any CPU.ActiveCfg = Debug|Any CPU
		{55BED670-A11E-4516-BC33-52855F022D30}.Debug|Any CPU.Build.0 = Debug|Any CPU
		{55BED670-A11E-4516-BC33-52855F022D30}.Release|Any CPU.ActiveCfg = Release|Any CPU
		{55BED670-A11E-4516-BC33-52855F022D30}.Release|Any CPU.Build.0 = Release|Any CPU
		{8DE8C471-2ED0-4B28-94D0-742BF89D543F}.AzureDevOps|Any CPU.ActiveCfg = AzureDevOps|Any CPU
		{8DE8C471-2ED0-4B28-94D0-742BF89D543F}.AzureDevOps|Any CPU.Build.0 = AzureDevOps|Any CPU
		{8DE8C471-2ED0-4B28-94D0-742BF89D543F}.Debug|Any CPU.ActiveCfg = Debug|Any CPU
		{8DE8C471-2ED0-4B28-94D0-742BF89D543F}.Debug|Any CPU.Build.0 = Debug|Any CPU
		{8DE8C471-2ED0-4B28-94D0-742BF89D543F}.Release|Any CPU.ActiveCfg = Release|Any CPU
		{8DE8C471-2ED0-4B28-94D0-742BF89D543F}.Release|Any CPU.Build.0 = Release|Any CPU
		{2C6B1D0D-EDA4-4125-B3A3-EFAD6D8C7A15}.AzureDevOps|Any CPU.ActiveCfg = AzureDevOps|Any CPU
		{2C6B1D0D-EDA4-4125-B3A3-EFAD6D8C7A15}.AzureDevOps|Any CPU.Build.0 = AzureDevOps|Any CPU
		{2C6B1D0D-EDA4-4125-B3A3-EFAD6D8C7A15}.Debug|Any CPU.ActiveCfg = Debug|Any CPU
		{2C6B1D0D-EDA4-4125-B3A3-EFAD6D8C7A15}.Debug|Any CPU.Build.0 = Debug|Any CPU
		{2C6B1D0D-EDA4-4125-B3A3-EFAD6D8C7A15}.Release|Any CPU.ActiveCfg = Release|Any CPU
		{2C6B1D0D-EDA4-4125-B3A3-EFAD6D8C7A15}.Release|Any CPU.Build.0 = Release|Any CPU
		{26DE1D59-0106-4C38-9722-1A3C373C662E}.AzureDevOps|Any CPU.ActiveCfg = AzureDevOps|Any CPU
		{26DE1D59-0106-4C38-9722-1A3C373C662E}.AzureDevOps|Any CPU.Build.0 = AzureDevOps|Any CPU
		{26DE1D59-0106-4C38-9722-1A3C373C662E}.Debug|Any CPU.ActiveCfg = Debug|Any CPU
		{26DE1D59-0106-4C38-9722-1A3C373C662E}.Debug|Any CPU.Build.0 = Debug|Any CPU
		{26DE1D59-0106-4C38-9722-1A3C373C662E}.Release|Any CPU.ActiveCfg = Release|Any CPU
		{26DE1D59-0106-4C38-9722-1A3C373C662E}.Release|Any CPU.Build.0 = Release|Any CPU
		{80CCAF8F-96F1-4BF4-B1D3-7F6D9249FE5F}.AzureDevOps|Any CPU.ActiveCfg = AzureDevOps|Any CPU
		{80CCAF8F-96F1-4BF4-B1D3-7F6D9249FE5F}.AzureDevOps|Any CPU.Build.0 = AzureDevOps|Any CPU
		{80CCAF8F-96F1-4BF4-B1D3-7F6D9249FE5F}.Debug|Any CPU.ActiveCfg = Debug|Any CPU
		{80CCAF8F-96F1-4BF4-B1D3-7F6D9249FE5F}.Debug|Any CPU.Build.0 = Debug|Any CPU
		{80CCAF8F-96F1-4BF4-B1D3-7F6D9249FE5F}.Release|Any CPU.ActiveCfg = Release|Any CPU
		{80CCAF8F-96F1-4BF4-B1D3-7F6D9249FE5F}.Release|Any CPU.Build.0 = Release|Any CPU
		{1F388195-8BBD-49C7-BDC3-F9D774A0489C}.AzureDevOps|Any CPU.ActiveCfg = AzureDevOps|Any CPU
		{1F388195-8BBD-49C7-BDC3-F9D774A0489C}.AzureDevOps|Any CPU.Build.0 = AzureDevOps|Any CPU
		{1F388195-8BBD-49C7-BDC3-F9D774A0489C}.Debug|Any CPU.ActiveCfg = Debug|Any CPU
		{1F388195-8BBD-49C7-BDC3-F9D774A0489C}.Debug|Any CPU.Build.0 = Debug|Any CPU
		{1F388195-8BBD-49C7-BDC3-F9D774A0489C}.Release|Any CPU.ActiveCfg = Release|Any CPU
		{1F388195-8BBD-49C7-BDC3-F9D774A0489C}.Release|Any CPU.Build.0 = Release|Any CPU
		{23937086-8EEE-424F-9837-EEC3CC9BF7CF}.AzureDevOps|Any CPU.ActiveCfg = AzureDevOps|Any CPU
		{23937086-8EEE-424F-9837-EEC3CC9BF7CF}.AzureDevOps|Any CPU.Build.0 = AzureDevOps|Any CPU
		{23937086-8EEE-424F-9837-EEC3CC9BF7CF}.Debug|Any CPU.ActiveCfg = Debug|Any CPU
		{23937086-8EEE-424F-9837-EEC3CC9BF7CF}.Debug|Any CPU.Build.0 = Debug|Any CPU
		{23937086-8EEE-424F-9837-EEC3CC9BF7CF}.Release|Any CPU.ActiveCfg = Release|Any CPU
		{23937086-8EEE-424F-9837-EEC3CC9BF7CF}.Release|Any CPU.Build.0 = Release|Any CPU
		{ED48DA42-703B-4F8B-9605-E262EDCD8BCD}.AzureDevOps|Any CPU.ActiveCfg = AzureDevOps|Any CPU
		{ED48DA42-703B-4F8B-9605-E262EDCD8BCD}.AzureDevOps|Any CPU.Build.0 = AzureDevOps|Any CPU
		{ED48DA42-703B-4F8B-9605-E262EDCD8BCD}.Debug|Any CPU.ActiveCfg = Debug|Any CPU
		{ED48DA42-703B-4F8B-9605-E262EDCD8BCD}.Debug|Any CPU.Build.0 = Debug|Any CPU
		{ED48DA42-703B-4F8B-9605-E262EDCD8BCD}.Release|Any CPU.ActiveCfg = Release|Any CPU
		{ED48DA42-703B-4F8B-9605-E262EDCD8BCD}.Release|Any CPU.Build.0 = Release|Any CPU
		{94DCA90F-03D5-4E8F-88C5-E4882AC98DE5}.AzureDevOps|Any CPU.ActiveCfg = AzureDevOps|Any CPU
		{94DCA90F-03D5-4E8F-88C5-E4882AC98DE5}.AzureDevOps|Any CPU.Build.0 = AzureDevOps|Any CPU
		{94DCA90F-03D5-4E8F-88C5-E4882AC98DE5}.Debug|Any CPU.ActiveCfg = Debug|Any CPU
		{94DCA90F-03D5-4E8F-88C5-E4882AC98DE5}.Debug|Any CPU.Build.0 = Debug|Any CPU
		{94DCA90F-03D5-4E8F-88C5-E4882AC98DE5}.Release|Any CPU.ActiveCfg = Release|Any CPU
		{94DCA90F-03D5-4E8F-88C5-E4882AC98DE5}.Release|Any CPU.Build.0 = Release|Any CPU
		{4D3680D0-81EA-4B35-A47E-42507C38953C}.AzureDevOps|Any CPU.ActiveCfg = AzureDevOps|Any CPU
		{4D3680D0-81EA-4B35-A47E-42507C38953C}.AzureDevOps|Any CPU.Build.0 = AzureDevOps|Any CPU
		{4D3680D0-81EA-4B35-A47E-42507C38953C}.Debug|Any CPU.ActiveCfg = Debug|Any CPU
		{4D3680D0-81EA-4B35-A47E-42507C38953C}.Debug|Any CPU.Build.0 = Debug|Any CPU
		{4D3680D0-81EA-4B35-A47E-42507C38953C}.Release|Any CPU.ActiveCfg = Release|Any CPU
		{4D3680D0-81EA-4B35-A47E-42507C38953C}.Release|Any CPU.Build.0 = Release|Any CPU
		{7CACBC66-1459-4E42-A673-172A39646D95}.AzureDevOps|Any CPU.ActiveCfg = AzureDevOps|Any CPU
		{7CACBC66-1459-4E42-A673-172A39646D95}.AzureDevOps|Any CPU.Build.0 = AzureDevOps|Any CPU
		{7CACBC66-1459-4E42-A673-172A39646D95}.Debug|Any CPU.ActiveCfg = Debug|Any CPU
		{7CACBC66-1459-4E42-A673-172A39646D95}.Debug|Any CPU.Build.0 = Debug|Any CPU
		{7CACBC66-1459-4E42-A673-172A39646D95}.Release|Any CPU.ActiveCfg = Release|Any CPU
		{7CACBC66-1459-4E42-A673-172A39646D95}.Release|Any CPU.Build.0 = Release|Any CPU
		{E9ECDF2D-0A5C-45FF-8457-7D11B8750097}.AzureDevOps|Any CPU.ActiveCfg = AzureDevOps|Any CPU
		{E9ECDF2D-0A5C-45FF-8457-7D11B8750097}.AzureDevOps|Any CPU.Build.0 = AzureDevOps|Any CPU
		{E9ECDF2D-0A5C-45FF-8457-7D11B8750097}.Debug|Any CPU.ActiveCfg = Debug|Any CPU
		{E9ECDF2D-0A5C-45FF-8457-7D11B8750097}.Debug|Any CPU.Build.0 = Debug|Any CPU
		{E9ECDF2D-0A5C-45FF-8457-7D11B8750097}.Release|Any CPU.ActiveCfg = Release|Any CPU
		{E9ECDF2D-0A5C-45FF-8457-7D11B8750097}.Release|Any CPU.Build.0 = Release|Any CPU
		{A48D6A8C-B1E4-4FA9-B4EE-895AB040B5BC}.AzureDevOps|Any CPU.ActiveCfg = AzureDevOps|Any CPU
		{A48D6A8C-B1E4-4FA9-B4EE-895AB040B5BC}.AzureDevOps|Any CPU.Build.0 = AzureDevOps|Any CPU
		{A48D6A8C-B1E4-4FA9-B4EE-895AB040B5BC}.Debug|Any CPU.ActiveCfg = Debug|Any CPU
		{A48D6A8C-B1E4-4FA9-B4EE-895AB040B5BC}.Debug|Any CPU.Build.0 = Debug|Any CPU
		{A48D6A8C-B1E4-4FA9-B4EE-895AB040B5BC}.Release|Any CPU.ActiveCfg = Release|Any CPU
		{A48D6A8C-B1E4-4FA9-B4EE-895AB040B5BC}.Release|Any CPU.Build.0 = Release|Any CPU
		{DC3A3FFA-7EA2-48A4-A43D-CC57036DA356}.AzureDevOps|Any CPU.ActiveCfg = AzureDevOps|Any CPU
		{DC3A3FFA-7EA2-48A4-A43D-CC57036DA356}.AzureDevOps|Any CPU.Build.0 = AzureDevOps|Any CPU
		{DC3A3FFA-7EA2-48A4-A43D-CC57036DA356}.Debug|Any CPU.ActiveCfg = Debug|Any CPU
		{DC3A3FFA-7EA2-48A4-A43D-CC57036DA356}.Debug|Any CPU.Build.0 = Debug|Any CPU
		{DC3A3FFA-7EA2-48A4-A43D-CC57036DA356}.Release|Any CPU.ActiveCfg = Release|Any CPU
		{DC3A3FFA-7EA2-48A4-A43D-CC57036DA356}.Release|Any CPU.Build.0 = Release|Any CPU
		{A23F38F1-8CE7-483F-AADE-685EAF303E67}.AzureDevOps|Any CPU.ActiveCfg = AzureDevOps|Any CPU
		{A23F38F1-8CE7-483F-AADE-685EAF303E67}.AzureDevOps|Any CPU.Build.0 = AzureDevOps|Any CPU
		{A23F38F1-8CE7-483F-AADE-685EAF303E67}.Debug|Any CPU.ActiveCfg = Debug|Any CPU
		{A23F38F1-8CE7-483F-AADE-685EAF303E67}.Debug|Any CPU.Build.0 = Debug|Any CPU
		{A23F38F1-8CE7-483F-AADE-685EAF303E67}.Release|Any CPU.ActiveCfg = Release|Any CPU
		{A23F38F1-8CE7-483F-AADE-685EAF303E67}.Release|Any CPU.Build.0 = Release|Any CPU
		{C9B1A1E3-7374-465C-8043-67966E1461AA}.AzureDevOps|Any CPU.ActiveCfg = AzureDevOps|Any CPU
		{C9B1A1E3-7374-465C-8043-67966E1461AA}.AzureDevOps|Any CPU.Build.0 = AzureDevOps|Any CPU
		{C9B1A1E3-7374-465C-8043-67966E1461AA}.Debug|Any CPU.ActiveCfg = Debug|Any CPU
		{C9B1A1E3-7374-465C-8043-67966E1461AA}.Debug|Any CPU.Build.0 = Debug|Any CPU
		{C9B1A1E3-7374-465C-8043-67966E1461AA}.Release|Any CPU.ActiveCfg = Release|Any CPU
		{C9B1A1E3-7374-465C-8043-67966E1461AA}.Release|Any CPU.Build.0 = Release|Any CPU
		{E25F6C5A-F7EC-45EA-8A7A-33A1F0DD6820}.AzureDevOps|Any CPU.ActiveCfg = AzureDevOps|Any CPU
		{E25F6C5A-F7EC-45EA-8A7A-33A1F0DD6820}.AzureDevOps|Any CPU.Build.0 = AzureDevOps|Any CPU
		{E25F6C5A-F7EC-45EA-8A7A-33A1F0DD6820}.Debug|Any CPU.ActiveCfg = Debug|Any CPU
		{E25F6C5A-F7EC-45EA-8A7A-33A1F0DD6820}.Debug|Any CPU.Build.0 = Debug|Any CPU
		{E25F6C5A-F7EC-45EA-8A7A-33A1F0DD6820}.Release|Any CPU.ActiveCfg = Release|Any CPU
		{E25F6C5A-F7EC-45EA-8A7A-33A1F0DD6820}.Release|Any CPU.Build.0 = Release|Any CPU
		{AF51C65C-F241-48C7-81DD-9E0E763E2002}.AzureDevOps|Any CPU.ActiveCfg = AzureDevOps|Any CPU
		{AF51C65C-F241-48C7-81DD-9E0E763E2002}.AzureDevOps|Any CPU.Build.0 = AzureDevOps|Any CPU
		{AF51C65C-F241-48C7-81DD-9E0E763E2002}.Debug|Any CPU.ActiveCfg = Debug|Any CPU
		{AF51C65C-F241-48C7-81DD-9E0E763E2002}.Debug|Any CPU.Build.0 = Debug|Any CPU
		{AF51C65C-F241-48C7-81DD-9E0E763E2002}.Release|Any CPU.ActiveCfg = Release|Any CPU
		{AF51C65C-F241-48C7-81DD-9E0E763E2002}.Release|Any CPU.Build.0 = Release|Any CPU
		{2DFB32F0-7CF9-48DF-B436-268B0C2171E8}.AzureDevOps|Any CPU.ActiveCfg = AzureDevOps|Any CPU
		{2DFB32F0-7CF9-48DF-B436-268B0C2171E8}.AzureDevOps|Any CPU.Build.0 = AzureDevOps|Any CPU
		{2DFB32F0-7CF9-48DF-B436-268B0C2171E8}.Debug|Any CPU.ActiveCfg = Debug|Any CPU
		{2DFB32F0-7CF9-48DF-B436-268B0C2171E8}.Debug|Any CPU.Build.0 = Debug|Any CPU
		{2DFB32F0-7CF9-48DF-B436-268B0C2171E8}.Release|Any CPU.ActiveCfg = Release|Any CPU
		{2DFB32F0-7CF9-48DF-B436-268B0C2171E8}.Release|Any CPU.Build.0 = Release|Any CPU
		{61C816A8-2919-47D8-8D07-7B6F8CC1483D}.AzureDevOps|Any CPU.ActiveCfg = AzureDevOps|Any CPU
		{61C816A8-2919-47D8-8D07-7B6F8CC1483D}.AzureDevOps|Any CPU.Build.0 = AzureDevOps|Any CPU
		{61C816A8-2919-47D8-8D07-7B6F8CC1483D}.Debug|Any CPU.ActiveCfg = Debug|Any CPU
		{61C816A8-2919-47D8-8D07-7B6F8CC1483D}.Debug|Any CPU.Build.0 = Debug|Any CPU
		{61C816A8-2919-47D8-8D07-7B6F8CC1483D}.Release|Any CPU.ActiveCfg = Release|Any CPU
		{61C816A8-2919-47D8-8D07-7B6F8CC1483D}.Release|Any CPU.Build.0 = Release|Any CPU
		{5AC3FA02-4826-470D-84D4-BC4D681B804C}.AzureDevOps|Any CPU.ActiveCfg = AzureDevOps|Any CPU
		{5AC3FA02-4826-470D-84D4-BC4D681B804C}.AzureDevOps|Any CPU.Build.0 = AzureDevOps|Any CPU
		{5AC3FA02-4826-470D-84D4-BC4D681B804C}.Debug|Any CPU.ActiveCfg = Debug|Any CPU
		{5AC3FA02-4826-470D-84D4-BC4D681B804C}.Debug|Any CPU.Build.0 = Debug|Any CPU
		{5AC3FA02-4826-470D-84D4-BC4D681B804C}.Release|Any CPU.ActiveCfg = Release|Any CPU
		{5AC3FA02-4826-470D-84D4-BC4D681B804C}.Release|Any CPU.Build.0 = Release|Any CPU
		{B9A27B72-7849-4BF8-BDD5-A4C0C25F30D6}.AzureDevOps|Any CPU.ActiveCfg = AzureDevOps|Any CPU
		{B9A27B72-7849-4BF8-BDD5-A4C0C25F30D6}.AzureDevOps|Any CPU.Build.0 = AzureDevOps|Any CPU
		{B9A27B72-7849-4BF8-BDD5-A4C0C25F30D6}.Debug|Any CPU.ActiveCfg = Debug|Any CPU
		{B9A27B72-7849-4BF8-BDD5-A4C0C25F30D6}.Debug|Any CPU.Build.0 = Debug|Any CPU
		{B9A27B72-7849-4BF8-BDD5-A4C0C25F30D6}.Release|Any CPU.ActiveCfg = Release|Any CPU
		{B9A27B72-7849-4BF8-BDD5-A4C0C25F30D6}.Release|Any CPU.Build.0 = Release|Any CPU
		{D3C8B80C-F585-4BD9-A02C-2C403C4E659F}.AzureDevOps|Any CPU.ActiveCfg = AzureDevOps|Any CPU
		{D3C8B80C-F585-4BD9-A02C-2C403C4E659F}.AzureDevOps|Any CPU.Build.0 = AzureDevOps|Any CPU
		{D3C8B80C-F585-4BD9-A02C-2C403C4E659F}.Debug|Any CPU.ActiveCfg = Debug|Any CPU
		{D3C8B80C-F585-4BD9-A02C-2C403C4E659F}.Debug|Any CPU.Build.0 = Debug|Any CPU
		{D3C8B80C-F585-4BD9-A02C-2C403C4E659F}.Release|Any CPU.ActiveCfg = Release|Any CPU
		{D3C8B80C-F585-4BD9-A02C-2C403C4E659F}.Release|Any CPU.Build.0 = Release|Any CPU
		{37FF704B-43D7-4B73-9CD2-736E1DDBD082}.AzureDevOps|Any CPU.ActiveCfg = AzureDevOps|Any CPU
		{37FF704B-43D7-4B73-9CD2-736E1DDBD082}.AzureDevOps|Any CPU.Build.0 = AzureDevOps|Any CPU
		{37FF704B-43D7-4B73-9CD2-736E1DDBD082}.Debug|Any CPU.ActiveCfg = Debug|Any CPU
		{37FF704B-43D7-4B73-9CD2-736E1DDBD082}.Debug|Any CPU.Build.0 = Debug|Any CPU
		{37FF704B-43D7-4B73-9CD2-736E1DDBD082}.Release|Any CPU.ActiveCfg = Release|Any CPU
		{37FF704B-43D7-4B73-9CD2-736E1DDBD082}.Release|Any CPU.Build.0 = Release|Any CPU
		{C55A126A-6326-4487-A4ED-53985786943D}.AzureDevOps|Any CPU.ActiveCfg = AzureDevOps|Any CPU
		{C55A126A-6326-4487-A4ED-53985786943D}.AzureDevOps|Any CPU.Build.0 = AzureDevOps|Any CPU
		{C55A126A-6326-4487-A4ED-53985786943D}.Debug|Any CPU.ActiveCfg = Debug|Any CPU
		{C55A126A-6326-4487-A4ED-53985786943D}.Debug|Any CPU.Build.0 = Debug|Any CPU
		{C55A126A-6326-4487-A4ED-53985786943D}.Release|Any CPU.ActiveCfg = Release|Any CPU
		{C55A126A-6326-4487-A4ED-53985786943D}.Release|Any CPU.Build.0 = Release|Any CPU
		{EB7B2014-DB57-4460-BDBF-A055A2F81D9F}.AzureDevOps|Any CPU.ActiveCfg = AzureDevOps|Any CPU
		{EB7B2014-DB57-4460-BDBF-A055A2F81D9F}.AzureDevOps|Any CPU.Build.0 = AzureDevOps|Any CPU
		{EB7B2014-DB57-4460-BDBF-A055A2F81D9F}.Debug|Any CPU.ActiveCfg = Debug|Any CPU
		{EB7B2014-DB57-4460-BDBF-A055A2F81D9F}.Debug|Any CPU.Build.0 = Debug|Any CPU
		{EB7B2014-DB57-4460-BDBF-A055A2F81D9F}.Release|Any CPU.ActiveCfg = Release|Any CPU
		{EB7B2014-DB57-4460-BDBF-A055A2F81D9F}.Release|Any CPU.Build.0 = Release|Any CPU
		{BE5E8DB0-788E-42FA-99DF-862D8638E4C1}.AzureDevOps|Any CPU.ActiveCfg = AzureDevOps|Any CPU
		{BE5E8DB0-788E-42FA-99DF-862D8638E4C1}.AzureDevOps|Any CPU.Build.0 = AzureDevOps|Any CPU
		{BE5E8DB0-788E-42FA-99DF-862D8638E4C1}.Debug|Any CPU.ActiveCfg = Debug|Any CPU
		{BE5E8DB0-788E-42FA-99DF-862D8638E4C1}.Debug|Any CPU.Build.0 = Debug|Any CPU
		{BE5E8DB0-788E-42FA-99DF-862D8638E4C1}.Release|Any CPU.ActiveCfg = Release|Any CPU
		{BE5E8DB0-788E-42FA-99DF-862D8638E4C1}.Release|Any CPU.Build.0 = Release|Any CPU
		{0CF14D74-4F11-4233-A2EF-28965746F36B}.AzureDevOps|Any CPU.ActiveCfg = AzureDevOps|Any CPU
		{0CF14D74-4F11-4233-A2EF-28965746F36B}.AzureDevOps|Any CPU.Build.0 = AzureDevOps|Any CPU
		{0CF14D74-4F11-4233-A2EF-28965746F36B}.Debug|Any CPU.ActiveCfg = Debug|Any CPU
		{0CF14D74-4F11-4233-A2EF-28965746F36B}.Debug|Any CPU.Build.0 = Debug|Any CPU
		{0CF14D74-4F11-4233-A2EF-28965746F36B}.Release|Any CPU.ActiveCfg = Release|Any CPU
		{0CF14D74-4F11-4233-A2EF-28965746F36B}.Release|Any CPU.Build.0 = Release|Any CPU
		{0CAE734E-FDB2-4960-A321-F34388C1E661}.AzureDevOps|Any CPU.ActiveCfg = AzureDevOps|Any CPU
		{0CAE734E-FDB2-4960-A321-F34388C1E661}.AzureDevOps|Any CPU.Build.0 = AzureDevOps|Any CPU
		{0CAE734E-FDB2-4960-A321-F34388C1E661}.Debug|Any CPU.ActiveCfg = Debug|Any CPU
		{0CAE734E-FDB2-4960-A321-F34388C1E661}.Debug|Any CPU.Build.0 = Debug|Any CPU
		{0CAE734E-FDB2-4960-A321-F34388C1E661}.Release|Any CPU.ActiveCfg = Release|Any CPU
		{0CAE734E-FDB2-4960-A321-F34388C1E661}.Release|Any CPU.Build.0 = Release|Any CPU
		{2E033F87-5595-4F68-889A-348B6F5B2482}.AzureDevOps|Any CPU.ActiveCfg = AzureDevOps|Any CPU
		{2E033F87-5595-4F68-889A-348B6F5B2482}.AzureDevOps|Any CPU.Build.0 = AzureDevOps|Any CPU
		{2E033F87-5595-4F68-889A-348B6F5B2482}.Debug|Any CPU.ActiveCfg = Debug|Any CPU
		{2E033F87-5595-4F68-889A-348B6F5B2482}.Debug|Any CPU.Build.0 = Debug|Any CPU
		{2E033F87-5595-4F68-889A-348B6F5B2482}.Release|Any CPU.ActiveCfg = Release|Any CPU
		{2E033F87-5595-4F68-889A-348B6F5B2482}.Release|Any CPU.Build.0 = Release|Any CPU
		{04E66834-571E-4717-8904-654D38D265FD}.AzureDevOps|Any CPU.ActiveCfg = AzureDevOps|Any CPU
		{04E66834-571E-4717-8904-654D38D265FD}.AzureDevOps|Any CPU.Build.0 = AzureDevOps|Any CPU
		{04E66834-571E-4717-8904-654D38D265FD}.Debug|Any CPU.ActiveCfg = Debug|Any CPU
		{04E66834-571E-4717-8904-654D38D265FD}.Debug|Any CPU.Build.0 = Debug|Any CPU
		{04E66834-571E-4717-8904-654D38D265FD}.Release|Any CPU.ActiveCfg = Release|Any CPU
		{04E66834-571E-4717-8904-654D38D265FD}.Release|Any CPU.Build.0 = Release|Any CPU
		{F16BB3B3-CCD8-4FC7-98FB-290175C30098}.AzureDevOps|Any CPU.ActiveCfg = AzureDevOps|Any CPU
		{F16BB3B3-CCD8-4FC7-98FB-290175C30098}.AzureDevOps|Any CPU.Build.0 = AzureDevOps|Any CPU
		{F16BB3B3-CCD8-4FC7-98FB-290175C30098}.Debug|Any CPU.ActiveCfg = Debug|Any CPU
		{F16BB3B3-CCD8-4FC7-98FB-290175C30098}.Debug|Any CPU.Build.0 = Debug|Any CPU
		{F16BB3B3-CCD8-4FC7-98FB-290175C30098}.Release|Any CPU.ActiveCfg = Release|Any CPU
		{F16BB3B3-CCD8-4FC7-98FB-290175C30098}.Release|Any CPU.Build.0 = Release|Any CPU
		{49EFE21B-B52C-491C-AB4E-8915A94B6276}.AzureDevOps|Any CPU.ActiveCfg = AzureDevOps|Any CPU
		{49EFE21B-B52C-491C-AB4E-8915A94B6276}.AzureDevOps|Any CPU.Build.0 = AzureDevOps|Any CPU
		{49EFE21B-B52C-491C-AB4E-8915A94B6276}.Debug|Any CPU.ActiveCfg = Debug|Any CPU
		{49EFE21B-B52C-491C-AB4E-8915A94B6276}.Debug|Any CPU.Build.0 = Debug|Any CPU
		{49EFE21B-B52C-491C-AB4E-8915A94B6276}.Release|Any CPU.ActiveCfg = Release|Any CPU
		{49EFE21B-B52C-491C-AB4E-8915A94B6276}.Release|Any CPU.Build.0 = Release|Any CPU
		{9719FC0C-7517-4450-A0DC-2A64A41B84F3}.AzureDevOps|Any CPU.ActiveCfg = AzureDevOps|Any CPU
		{9719FC0C-7517-4450-A0DC-2A64A41B84F3}.AzureDevOps|Any CPU.Build.0 = AzureDevOps|Any CPU
		{9719FC0C-7517-4450-A0DC-2A64A41B84F3}.Debug|Any CPU.ActiveCfg = Debug|Any CPU
		{9719FC0C-7517-4450-A0DC-2A64A41B84F3}.Debug|Any CPU.Build.0 = Debug|Any CPU
		{9719FC0C-7517-4450-A0DC-2A64A41B84F3}.Release|Any CPU.ActiveCfg = Release|Any CPU
		{9719FC0C-7517-4450-A0DC-2A64A41B84F3}.Release|Any CPU.Build.0 = Release|Any CPU
		{A17DC258-AADB-45B0-B0E3-364A2D21B19B}.AzureDevOps|Any CPU.ActiveCfg = AzureDevOps|Any CPU
		{A17DC258-AADB-45B0-B0E3-364A2D21B19B}.AzureDevOps|Any CPU.Build.0 = AzureDevOps|Any CPU
		{A17DC258-AADB-45B0-B0E3-364A2D21B19B}.Debug|Any CPU.ActiveCfg = Debug|Any CPU
		{A17DC258-AADB-45B0-B0E3-364A2D21B19B}.Debug|Any CPU.Build.0 = Debug|Any CPU
		{A17DC258-AADB-45B0-B0E3-364A2D21B19B}.Release|Any CPU.ActiveCfg = Release|Any CPU
		{A17DC258-AADB-45B0-B0E3-364A2D21B19B}.Release|Any CPU.Build.0 = Release|Any CPU
		{46416A5E-DE1A-4500-AF89-FD43C320F2FD}.AzureDevOps|Any CPU.ActiveCfg = AzureDevOps|Any CPU
		{46416A5E-DE1A-4500-AF89-FD43C320F2FD}.AzureDevOps|Any CPU.Build.0 = AzureDevOps|Any CPU
		{46416A5E-DE1A-4500-AF89-FD43C320F2FD}.Debug|Any CPU.ActiveCfg = Debug|Any CPU
		{46416A5E-DE1A-4500-AF89-FD43C320F2FD}.Debug|Any CPU.Build.0 = Debug|Any CPU
		{46416A5E-DE1A-4500-AF89-FD43C320F2FD}.Release|Any CPU.ActiveCfg = Release|Any CPU
		{46416A5E-DE1A-4500-AF89-FD43C320F2FD}.Release|Any CPU.Build.0 = Release|Any CPU
		{A9513EE8-19C4-449D-ADE5-EAA5E828B996}.AzureDevOps|Any CPU.ActiveCfg = AzureDevOps|Any CPU
		{A9513EE8-19C4-449D-ADE5-EAA5E828B996}.AzureDevOps|Any CPU.Build.0 = AzureDevOps|Any CPU
		{A9513EE8-19C4-449D-ADE5-EAA5E828B996}.Debug|Any CPU.ActiveCfg = Debug|Any CPU
		{A9513EE8-19C4-449D-ADE5-EAA5E828B996}.Debug|Any CPU.Build.0 = Debug|Any CPU
		{A9513EE8-19C4-449D-ADE5-EAA5E828B996}.Release|Any CPU.ActiveCfg = Release|Any CPU
		{A9513EE8-19C4-449D-ADE5-EAA5E828B996}.Release|Any CPU.Build.0 = Release|Any CPU
		{95ADB532-107B-4103-A9F6-3F6165B8762A}.AzureDevOps|Any CPU.ActiveCfg = AzureDevOps|Any CPU
		{95ADB532-107B-4103-A9F6-3F6165B8762A}.AzureDevOps|Any CPU.Build.0 = AzureDevOps|Any CPU
		{95ADB532-107B-4103-A9F6-3F6165B8762A}.Debug|Any CPU.ActiveCfg = Debug|Any CPU
		{95ADB532-107B-4103-A9F6-3F6165B8762A}.Debug|Any CPU.Build.0 = Debug|Any CPU
		{95ADB532-107B-4103-A9F6-3F6165B8762A}.Release|Any CPU.ActiveCfg = Release|Any CPU
		{95ADB532-107B-4103-A9F6-3F6165B8762A}.Release|Any CPU.Build.0 = Release|Any CPU
		{3124FFEA-EB2C-4053-AED7-42473646A6FD}.AzureDevOps|Any CPU.ActiveCfg = AzureDevOps|Any CPU
		{3124FFEA-EB2C-4053-AED7-42473646A6FD}.AzureDevOps|Any CPU.Build.0 = AzureDevOps|Any CPU
		{3124FFEA-EB2C-4053-AED7-42473646A6FD}.Debug|Any CPU.ActiveCfg = Debug|Any CPU
		{3124FFEA-EB2C-4053-AED7-42473646A6FD}.Debug|Any CPU.Build.0 = Debug|Any CPU
		{3124FFEA-EB2C-4053-AED7-42473646A6FD}.Release|Any CPU.ActiveCfg = Release|Any CPU
		{3124FFEA-EB2C-4053-AED7-42473646A6FD}.Release|Any CPU.Build.0 = Release|Any CPU
		{E478C037-D11B-4C89-BB3E-C779A95AC2B1}.AzureDevOps|Any CPU.ActiveCfg = Debug|Any CPU
		{E478C037-D11B-4C89-BB3E-C779A95AC2B1}.AzureDevOps|Any CPU.Build.0 = Debug|Any CPU
		{E478C037-D11B-4C89-BB3E-C779A95AC2B1}.Debug|Any CPU.ActiveCfg = Debug|Any CPU
		{E478C037-D11B-4C89-BB3E-C779A95AC2B1}.Debug|Any CPU.Build.0 = Debug|Any CPU
		{E478C037-D11B-4C89-BB3E-C779A95AC2B1}.Release|Any CPU.ActiveCfg = Release|Any CPU
		{E478C037-D11B-4C89-BB3E-C779A95AC2B1}.Release|Any CPU.Build.0 = Release|Any CPU
	EndGlobalSection
	GlobalSection(SolutionProperties) = preSolution
		HideSolutionNode = FALSE
	EndGlobalSection
	GlobalSection(NestedProjects) = preSolution
		{8E28E28C-BE21-4707-B32B-02246D62EE79} = {84D45264-D944-4A17-A230-AAEECE889301}
		{51D68721-517F-4A5C-91EF-1C5EFC18798E} = {84D45264-D944-4A17-A230-AAEECE889301}
		{38863552-10BC-4F81-B281-74435D4C7485} = {A2F5D3BD-EF91-4288-A6EB-59F2B758E27D}
		{650A5A85-5956-491E-9312-5E25A27D1108} = {1695D124-726F-446B-988E-61B9B440D345}
		{5776DF6A-F53F-4A3E-AAE2-566EDC77DB29} = {B1144C83-C2B3-40FB-8F68-22A3228E7725}
		{89194FB0-E735-4A79-91E5-C02B8E631DA0} = {84D45264-D944-4A17-A230-AAEECE889301}
		{EF7FC951-650A-4B87-87CA-E1350B24AB66} = {D8B05C3A-5AAC-41F7-99C8-3279378B68AB}
		{37315368-C0EF-4DEA-BA1D-D514B9FB7F42} = {B1144C83-C2B3-40FB-8F68-22A3228E7725}
		{90EE8E03-55F4-4EBB-8AB5-35848CECA09C} = {D8B05C3A-5AAC-41F7-99C8-3279378B68AB}
		{EDCADC38-86E4-478E-9F0C-374F523D7FC1} = {B1144C83-C2B3-40FB-8F68-22A3228E7725}
		{15E0827C-6AED-4295-B5F9-9EB564B41DC0} = {7B35E0EB-A59C-4EDC-B255-E2B469A4DB20}
		{B630BB27-C12D-4DF5-B4CA-B8E3DFF31224} = {B1144C83-C2B3-40FB-8F68-22A3228E7725}
		{F0868FBD-BC81-431F-9A45-8E10BBC08E7A} = {A2F5D3BD-EF91-4288-A6EB-59F2B758E27D}
		{F07EDE25-B6E9-4D2D-903A-C36E850C0C94} = {A592A2ED-763F-4172-95DB-316662A0A42E}
		{5B1F4B31-7E84-4FB1-9CBE-B4DBFE8318CD} = {7B35E0EB-A59C-4EDC-B255-E2B469A4DB20}
		{552F0401-14AE-4D2C-BF4E-ED6471201D71} = {A2F5D3BD-EF91-4288-A6EB-59F2B758E27D}
		{0A2DD608-EDFF-446F-87D4-A99141E90EB1} = {A592A2ED-763F-4172-95DB-316662A0A42E}
		{907E51AA-0997-4E70-A28C-23DB4374E406} = {84D45264-D944-4A17-A230-AAEECE889301}
		{90EC7DCA-8B0F-4833-A60C-223EC3138E36} = {A2F5D3BD-EF91-4288-A6EB-59F2B758E27D}
		{FE1010FA-192E-4C9E-B1A5-89073631DDC2} = {A592A2ED-763F-4172-95DB-316662A0A42E}
		{55BED670-A11E-4516-BC33-52855F022D30} = {DD608A44-2EC2-4F08-8BE0-E182F55EEC09}
		{8DE8C471-2ED0-4B28-94D0-742BF89D543F} = {DD608A44-2EC2-4F08-8BE0-E182F55EEC09}
		{2C6B1D0D-EDA4-4125-B3A3-EFAD6D8C7A15} = {A592A2ED-763F-4172-95DB-316662A0A42E}
		{26DE1D59-0106-4C38-9722-1A3C373C662E} = {DD608A44-2EC2-4F08-8BE0-E182F55EEC09}
		{80CCAF8F-96F1-4BF4-B1D3-7F6D9249FE5F} = {69482B75-22AB-4495-8782-8BBA8DAA2B15}
		{1F388195-8BBD-49C7-BDC3-F9D774A0489C} = {DD608A44-2EC2-4F08-8BE0-E182F55EEC09}
		{23937086-8EEE-424F-9837-EEC3CC9BF7CF} = {DD608A44-2EC2-4F08-8BE0-E182F55EEC09}
		{ED48DA42-703B-4F8B-9605-E262EDCD8BCD} = {69482B75-22AB-4495-8782-8BBA8DAA2B15}
		{94DCA90F-03D5-4E8F-88C5-E4882AC98DE5} = {495839BF-FFB6-4499-A175-05B00E9AEBE8}
		{4D3680D0-81EA-4B35-A47E-42507C38953C} = {495839BF-FFB6-4499-A175-05B00E9AEBE8}
		{7CACBC66-1459-4E42-A673-172A39646D95} = {495839BF-FFB6-4499-A175-05B00E9AEBE8}
		{E9ECDF2D-0A5C-45FF-8457-7D11B8750097} = {B96CCD57-314A-4D2F-B662-C99C63C315DA}
		{A48D6A8C-B1E4-4FA9-B4EE-895AB040B5BC} = {B96CCD57-314A-4D2F-B662-C99C63C315DA}
		{DC3A3FFA-7EA2-48A4-A43D-CC57036DA356} = {F61F0400-D7A1-441F-80DF-B513F329225A}
		{A23F38F1-8CE7-483F-AADE-685EAF303E67} = {F61F0400-D7A1-441F-80DF-B513F329225A}
		{C9B1A1E3-7374-465C-8043-67966E1461AA} = {F61F0400-D7A1-441F-80DF-B513F329225A}
		{E25F6C5A-F7EC-45EA-8A7A-33A1F0DD6820} = {88E8C3C8-7EAE-48FF-BFC1-F927F12BD399}
		{AF51C65C-F241-48C7-81DD-9E0E763E2002} = {FC43C9FD-4517-4D08-95DA-E3E516A807BD}
		{2DFB32F0-7CF9-48DF-B436-268B0C2171E8} = {CF39F1F0-5D3B-43BA-82C9-65D9DACD1546}
		{A592A2ED-763F-4172-95DB-316662A0A42E} = {57500288-3639-445F-8E6E-D66057C5CD99}
		{1695D124-726F-446B-988E-61B9B440D345} = {57500288-3639-445F-8E6E-D66057C5CD99}
		{851778A7-A1C9-4406-88A2-A297FF993B8B} = {57500288-3639-445F-8E6E-D66057C5CD99}
		{B35C85E1-B2C5-4F0B-9975-6E86DF7F5BE9} = {9EA3F4AE-0260-4B8A-98AD-25803026D4E5}
		{84D45264-D944-4A17-A230-AAEECE889301} = {9EA3F4AE-0260-4B8A-98AD-25803026D4E5}
		{D8B05C3A-5AAC-41F7-99C8-3279378B68AB} = {9EA3F4AE-0260-4B8A-98AD-25803026D4E5}
		{B1A9F314-D3AA-4471-8600-1ADE1AC0BC74} = {A5C95561-6F4D-47F2-9A8C-304936EAB91E}
		{A2F5D3BD-EF91-4288-A6EB-59F2B758E27D} = {A5C95561-6F4D-47F2-9A8C-304936EAB91E}
		{BA5F819A-90BB-4BC8-B416-EC6CFB6B4C46} = {A5C95561-6F4D-47F2-9A8C-304936EAB91E}
		{CF39F1F0-5D3B-43BA-82C9-65D9DACD1546} = {B4573EB2-729C-4FDD-B98F-F670F22EA70B}
		{495839BF-FFB6-4499-A175-05B00E9AEBE8} = {B4573EB2-729C-4FDD-B98F-F670F22EA70B}
		{B96CCD57-314A-4D2F-B662-C99C63C315DA} = {B4573EB2-729C-4FDD-B98F-F670F22EA70B}
		{7E944E05-7B43-412C-BA8D-23D9E5DEB393} = {76678751-0AB6-4A07-91DF-77B606243BFB}
		{F61F0400-D7A1-441F-80DF-B513F329225A} = {76678751-0AB6-4A07-91DF-77B606243BFB}
		{88E8C3C8-7EAE-48FF-BFC1-F927F12BD399} = {76678751-0AB6-4A07-91DF-77B606243BFB}
		{A5C640E8-7827-405F-AC11-756257BA0848} = {93BDE866-FD9C-41FF-B4D8-7C7D227979B1}
		{DD608A44-2EC2-4F08-8BE0-E182F55EEC09} = {93BDE866-FD9C-41FF-B4D8-7C7D227979B1}
		{69482B75-22AB-4495-8782-8BBA8DAA2B15} = {93BDE866-FD9C-41FF-B4D8-7C7D227979B1}
		{B1144C83-C2B3-40FB-8F68-22A3228E7725} = {13C6F057-3FA8-4E45-BB6D-09E958B0A4C2}
		{631C6BA4-0152-44A1-9530-ABFBABB564DB} = {13C6F057-3FA8-4E45-BB6D-09E958B0A4C2}
		{FC43C9FD-4517-4D08-95DA-E3E516A807BD} = {13C6F057-3FA8-4E45-BB6D-09E958B0A4C2}
		{61C816A8-2919-47D8-8D07-7B6F8CC1483D} = {495839BF-FFB6-4499-A175-05B00E9AEBE8}
		{5AC3FA02-4826-470D-84D4-BC4D681B804C} = {495839BF-FFB6-4499-A175-05B00E9AEBE8}
		{B9A27B72-7849-4BF8-BDD5-A4C0C25F30D6} = {97D84008-D9A9-4A0C-B51C-144F3ABEEF11}
		{7B35E0EB-A59C-4EDC-B255-E2B469A4DB20} = {1A673C30-B606-479B-A067-111CCAEFEF2F}
		{6669CFBF-6FC2-4BFE-A712-A96A403D0D54} = {1A673C30-B606-479B-A067-111CCAEFEF2F}
		{97D84008-D9A9-4A0C-B51C-144F3ABEEF11} = {1A673C30-B606-479B-A067-111CCAEFEF2F}
		{D3C8B80C-F585-4BD9-A02C-2C403C4E659F} = {1695D124-726F-446B-988E-61B9B440D345}
		{37FF704B-43D7-4B73-9CD2-736E1DDBD082} = {7B35E0EB-A59C-4EDC-B255-E2B469A4DB20}
		{C55A126A-6326-4487-A4ED-53985786943D} = {B35C85E1-B2C5-4F0B-9975-6E86DF7F5BE9}
		{EB7B2014-DB57-4460-BDBF-A055A2F81D9F} = {D8B05C3A-5AAC-41F7-99C8-3279378B68AB}
		{BE5E8DB0-788E-42FA-99DF-862D8638E4C1} = {B1144C83-C2B3-40FB-8F68-22A3228E7725}
		{0CF14D74-4F11-4233-A2EF-28965746F36B} = {631C6BA4-0152-44A1-9530-ABFBABB564DB}
		{0CAE734E-FDB2-4960-A321-F34388C1E661} = {7B35E0EB-A59C-4EDC-B255-E2B469A4DB20}
		{2E033F87-5595-4F68-889A-348B6F5B2482} = {B1144C83-C2B3-40FB-8F68-22A3228E7725}
		{04E66834-571E-4717-8904-654D38D265FD} = {A2F5D3BD-EF91-4288-A6EB-59F2B758E27D}
		{F16BB3B3-CCD8-4FC7-98FB-290175C30098} = {A2F5D3BD-EF91-4288-A6EB-59F2B758E27D}
		{49EFE21B-B52C-491C-AB4E-8915A94B6276} = {A2F5D3BD-EF91-4288-A6EB-59F2B758E27D}
		{9719FC0C-7517-4450-A0DC-2A64A41B84F3} = {84D45264-D944-4A17-A230-AAEECE889301}
		{A17DC258-AADB-45B0-B0E3-364A2D21B19B} = {84D45264-D944-4A17-A230-AAEECE889301}
		{46416A5E-DE1A-4500-AF89-FD43C320F2FD} = {A592A2ED-763F-4172-95DB-316662A0A42E}
		{A9513EE8-19C4-449D-ADE5-EAA5E828B996} = {0C59D50A-7EAC-44EE-9652-8A4E4157CFE2}
		{95ADB532-107B-4103-A9F6-3F6165B8762A} = {A2F5D3BD-EF91-4288-A6EB-59F2B758E27D}
		{3124FFEA-EB2C-4053-AED7-42473646A6FD} = {A592A2ED-763F-4172-95DB-316662A0A42E}
		{E478C037-D11B-4C89-BB3E-C779A95AC2B1} = {BA5F819A-90BB-4BC8-B416-EC6CFB6B4C46}
	EndGlobalSection
	GlobalSection(ExtensibilityGlobals) = postSolution
		SolutionGuid = {44122B62-15B4-40B8-86EA-4E3A743B0C7C}
	EndGlobalSection
EndGlobal
