
Microsoft Visual Studio Solution File, Format Version 12.00
# Visual Studio 15
VisualStudioVersion = 15.0.26228.4
MinimumVisualStudioVersion = 10.0.40219.1
Project("{2150E333-8FDC-42A3-9474-1A3956D46DE8}") = "Solution Items", "Solution Items", "{B4D52673-742B-4204-9B7B-7A63F5F2863E}"
	ProjectSection(SolutionItems) = preProject
		.gitignore = .gitignore
		gulpfile.js = gulpfile.js
		NuGet.Config = NuGet.Config
		package.json = package.json
		UmbrellaCodeLibraries.vsext = UmbrellaCodeLibraries.vsext
		Update-Version.ps1 = Update-Version.ps1
	EndProjectSection
EndProject
Project("{2150E333-8FDC-42A3-9474-1A3956D46DE8}") = "Core", "Core", "{9EA3F4AE-0260-4B8A-98AD-25803026D4E5}"
EndProject
Project("{2150E333-8FDC-42A3-9474-1A3956D46DE8}") = "N2CMS", "N2CMS", "{1EBEFC37-2819-4585-8667-21F1D84755EC}"
EndProject
Project("{2150E333-8FDC-42A3-9474-1A3956D46DE8}") = "Test", "Test", "{32ADE78B-DA1F-4286-ACCB-C83EB2390041}"
EndProject
Project("{2150E333-8FDC-42A3-9474-1A3956D46DE8}") = "Legacy", "Legacy", "{13C6F057-3FA8-4E45-BB6D-09E958B0A4C2}"
EndProject
Project("{2150E333-8FDC-42A3-9474-1A3956D46DE8}") = "SimpleInjector", "SimpleInjector", "{082CC5EA-0A89-4119-ADF0-4D832D1419A2}"
EndProject
Project("{2150E333-8FDC-42A3-9474-1A3956D46DE8}") = "AspNetCore", "AspNetCore", "{57500288-3639-445F-8E6E-D66057C5CD99}"
EndProject
Project("{2150E333-8FDC-42A3-9474-1A3956D46DE8}") = "Samples", "Samples", "{2606B945-AF74-4E4B-A665-BF5DBA99C332}"
EndProject
Project("{9A19103F-16F7-4668-BE54-9A1E7A4F7556}") = "Umbrella.Utilities", "Core\Umbrella.Utilities\Umbrella.Utilities.csproj", "{8E28E28C-BE21-4707-B32B-02246D62EE79}"
EndProject
Project("{9A19103F-16F7-4668-BE54-9A1E7A4F7556}") = "Umbrella.WebUtilities", "Core\Umbrella.WebUtilities\Umbrella.WebUtilities.csproj", "{51D68721-517F-4A5C-91EF-1C5EFC18798E}"
EndProject
Project("{9A19103F-16F7-4668-BE54-9A1E7A4F7556}") = "Umbrella.DataAccess.Abstractions", "Core\Umbrella.DataAccess.Abstractions\Umbrella.DataAccess.Abstractions.csproj", "{38863552-10BC-4F81-B281-74435D4C7485}"
EndProject
Project("{9A19103F-16F7-4668-BE54-9A1E7A4F7556}") = "Umbrella.AspNetCore.WebUtilities.Test", "Test\Umbrella.AspNetCore.WebUtilities.Test\Umbrella.AspNetCore.WebUtilities.Test.csproj", "{650A5A85-5956-491E-9312-5E25A27D1108}"
EndProject
Project("{9A19103F-16F7-4668-BE54-9A1E7A4F7556}") = "Umbrella.Legacy.WebUtilities", "Legacy\Umbrella.Legacy.WebUtilities\Umbrella.Legacy.WebUtilities.csproj", "{5776DF6A-F53F-4A3E-AAE2-566EDC77DB29}"
EndProject
Project("{9A19103F-16F7-4668-BE54-9A1E7A4F7556}") = "Umbrella.N2", "N2CMS\Umbrella.N2\Umbrella.N2.csproj", "{5926B995-BF16-40E7-960B-E7F12BC8B74B}"
EndProject
Project("{9A19103F-16F7-4668-BE54-9A1E7A4F7556}") = "Umbrella.DataAnnotations", "Core\Umbrella.DataAnnotations\Umbrella.DataAnnotations.csproj", "{89194FB0-E735-4A79-91E5-C02B8E631DA0}"
EndProject
Project("{9A19103F-16F7-4668-BE54-9A1E7A4F7556}") = "Umbrella.DataAnnotations.Test", "Test\Umbrella.DataAnnotations.Test\Umbrella.DataAnnotations.Test.csproj", "{EF7FC951-650A-4B87-87CA-E1350B24AB66}"
EndProject
Project("{9A19103F-16F7-4668-BE54-9A1E7A4F7556}") = "Umbrella.WebUtilities.DynamicImage", "Core\Umbrella.WebUtilities.DynamicImage\Umbrella.WebUtilities.DynamicImage.csproj", "{C3BBA42E-29A0-41B8-B22C-C47A416D531A}"
EndProject
Project("{9A19103F-16F7-4668-BE54-9A1E7A4F7556}") = "Umbrella.Legacy.WebUtilities.DynamicImage", "Legacy\Umbrella.Legacy.WebUtilities.DynamicImage\Umbrella.Legacy.WebUtilities.DynamicImage.csproj", "{37315368-C0EF-4DEA-BA1D-D514B9FB7F42}"
EndProject
Project("{9A19103F-16F7-4668-BE54-9A1E7A4F7556}") = "Umbrella.Utilities.Test", "Test\Umbrella.Utilities.Test\Umbrella.Utilities.Test.csproj", "{90EE8E03-55F4-4EBB-8AB5-35848CECA09C}"
EndProject
Project("{9A19103F-16F7-4668-BE54-9A1E7A4F7556}") = "Umbrella.Legacy.WebUtilities.DataAnnotations", "Legacy\Umbrella.Legacy.WebUtilities.DataAnnotations\Umbrella.Legacy.WebUtilities.DataAnnotations.csproj", "{EDCADC38-86E4-478E-9F0C-374F523D7FC1}"
EndProject
Project("{9A19103F-16F7-4668-BE54-9A1E7A4F7556}") = "Umbrella.Extensions.Logging.Log4Net", "Core\Umbrella.Extensions.Logging.Log4Net\Umbrella.Extensions.Logging.Log4Net.csproj", "{15E0827C-6AED-4295-B5F9-9EB564B41DC0}"
EndProject
Project("{9A19103F-16F7-4668-BE54-9A1E7A4F7556}") = "Umbrella.Legacy.Utilities", "Legacy\Umbrella.Legacy.Utilities\Umbrella.Legacy.Utilities.csproj", "{B630BB27-C12D-4DF5-B4CA-B8E3DFF31224}"
EndProject
Project("{9A19103F-16F7-4668-BE54-9A1E7A4F7556}") = "Umbrella.Extensions.DependencyInjection.WCF", "Core\Umbrella.Extensions.DependencyInjection.WCF\Umbrella.Extensions.DependencyInjection.WCF.csproj", "{B9E9EE53-0ACA-4277-A330-BF6FC378D78C}"
EndProject
Project("{9A19103F-16F7-4668-BE54-9A1E7A4F7556}") = "Umbrella.Utilities.Log4Net", "Core\Umbrella.Utilities.Log4Net\Umbrella.Utilities.Log4Net.csproj", "{C32F4651-FA81-494A-A7DE-AAE67FB98894}"
EndProject
Project("{9A19103F-16F7-4668-BE54-9A1E7A4F7556}") = "Umbrella.Legacy.WebUtilities.DynamicImage.SimpleInjector", "SimpleInjector\Umbrella.Legacy.WebUtilities.DynamicImage.SimpleInjector\Umbrella.Legacy.WebUtilities.DynamicImage.SimpleInjector.csproj", "{0D791BBA-1AD1-4582-BB74-80B16DB33B83}"
EndProject
Project("{9A19103F-16F7-4668-BE54-9A1E7A4F7556}") = "Umbrella.Legacy.WebUtilities.SimpleInjector", "SimpleInjector\Umbrella.Legacy.WebUtilities.SimpleInjector\Umbrella.Legacy.WebUtilities.SimpleInjector.csproj", "{7BE358A0-6265-496F-9A6F-CB5B00653FB8}"
EndProject
Project("{9A19103F-16F7-4668-BE54-9A1E7A4F7556}") = "Umbrella.WebUtilities.DynamicImage.SimpleInjector", "SimpleInjector\Umbrella.WebUtilities.DynamicImage.SimpleInjector\Umbrella.WebUtilities.DynamicImage.SimpleInjector.csproj", "{DD6291D9-ED12-4153-AD69-FB4D22AAE27D}"
EndProject
Project("{9A19103F-16F7-4668-BE54-9A1E7A4F7556}") = "Umbrella.Utilities.SimpleInjector", "SimpleInjector\Umbrella.Utilities.SimpleInjector\Umbrella.Utilities.SimpleInjector.csproj", "{30E0534C-8994-494E-8877-5ECA9FFD98BC}"
EndProject
Project("{9A19103F-16F7-4668-BE54-9A1E7A4F7556}") = "Umbrella.DataAccess.EntityFrameworkCore", "Core\Umbrella.DataAccess.EntityFrameworkCore\Umbrella.DataAccess.EntityFrameworkCore.csproj", "{B432210E-757E-463D-8E53-461BF0AC9978}"
EndProject
Project("{9A19103F-16F7-4668-BE54-9A1E7A4F7556}") = "Umbrella.DataAccess.EF6", "Core\Umbrella.DataAccess.EF6\Umbrella.DataAccess.EF6.csproj", "{F0868FBD-BC81-431F-9A45-8E10BBC08E7A}"
EndProject
Project("{9A19103F-16F7-4668-BE54-9A1E7A4F7556}") = "Umbrella.Extensions.Configuration.Azure.KeyVault", "Core\Umbrella.Extensions.Configuration.Azure.KeyVault\Umbrella.Extensions.Configuration.Azure.KeyVault.csproj", "{D01EAD16-E976-473E-9680-BB7FA7D35847}"
EndProject
Project("{9A19103F-16F7-4668-BE54-9A1E7A4F7556}") = "Umbrella.AspNetCore.WebUtilities", "AspNetCore\Umbrella.AspNetCore.WebUtilities\Umbrella.AspNetCore.WebUtilities.csproj", "{F07EDE25-B6E9-4D2D-903A-C36E850C0C94}"
EndProject
Project("{9A19103F-16F7-4668-BE54-9A1E7A4F7556}") = "Umbrella.Extensions.Logging.Log4Net.Azure", "Core\Umbrella.Extensions.Logging.Log4Net.Azure\Umbrella.Extensions.Logging.Log4Net.Azure.csproj", "{5B1F4B31-7E84-4FB1-9CBE-B4DBFE8318CD}"
EndProject
Project("{9A19103F-16F7-4668-BE54-9A1E7A4F7556}") = "Umbrella.Utilities.Drawing", "Core\Umbrella.Utilities.Drawing\Umbrella.Utilities.Drawing.csproj", "{D81FA226-D316-4284-BFE0-8F3C43428506}"
EndProject
Project("{9A19103F-16F7-4668-BE54-9A1E7A4F7556}") = "Umbrella.DataAccess.MultiTenant", "Core\Umbrella.DataAccess.MultiTenant\Umbrella.DataAccess.MultiTenant.csproj", "{9A5FD4FF-9804-4B64-B483-23A02BCE431E}"
EndProject
Project("{9A19103F-16F7-4668-BE54-9A1E7A4F7556}") = "Umbrella.DataAccess.MultiTenant.EF6", "Core\Umbrella.DataAccess.MultiTenant.EF6\Umbrella.DataAccess.MultiTenant.EF6.csproj", "{552F0401-14AE-4D2C-BF4E-ED6471201D71}"
EndProject
Project("{9A19103F-16F7-4668-BE54-9A1E7A4F7556}") = "Umbrella.AspNetCore.MultiTenant", "AspNetCore\Umbrella.AspNetCore.MultiTenant\Umbrella.AspNetCore.MultiTenant.csproj", "{0A2DD608-EDFF-446F-87D4-A99141E90EB1}"
EndProject
Project("{9A19103F-16F7-4668-BE54-9A1E7A4F7556}") = "Umbrella.ActiveDirectory", "Core\Umbrella.ActiveDirectory\Umbrella.ActiveDirectory.csproj", "{907E51AA-0997-4E70-A28C-23DB4374E406}"
EndProject
Project("{9A19103F-16F7-4668-BE54-9A1E7A4F7556}") = "Umbrella.DataAccess.Mapping", "Core\Umbrella.DataAccess.Mapping\Umbrella.DataAccess.Mapping.csproj", "{90EC7DCA-8B0F-4833-A60C-223EC3138E36}"
EndProject
Project("{9A19103F-16F7-4668-BE54-9A1E7A4F7556}") = "Umbrella.Legacy.WCF", "Legacy\Umbrella.Legacy.WCF\Umbrella.Legacy.WCF.csproj", "{FCED5D85-E986-4613-AB53-482B919B5B4C}"
EndProject
Project("{9A19103F-16F7-4668-BE54-9A1E7A4F7556}") = "Umbrella.N2.SimpleInjector", "SimpleInjector\Umbrella.N2.SimpleInjector\Umbrella.N2.SimpleInjector.csproj", "{84DFDC8D-F798-4B7F-83B1-A9EF8D345565}"
EndProject
Project("{9A19103F-16F7-4668-BE54-9A1E7A4F7556}") = "Umbrella.AspNetCore.DataAnnotations", "AspNetCore\Umbrella.AspNetCore.DataAnnotations\Umbrella.AspNetCore.DataAnnotations.csproj", "{FE1010FA-192E-4C9E-B1A5-89073631DDC2}"
EndProject
Project("{9A19103F-16F7-4668-BE54-9A1E7A4F7556}") = "Umbrella.AspNetCore.Samples", "Samples\Umbrella.AspNetCore.Samples\Umbrella.AspNetCore.Samples.csproj", "{C08A58A4-136B-4A57-948E-F29324022225}"
EndProject
Project("{9A19103F-16F7-4668-BE54-9A1E7A4F7556}") = "Umbrella.TypeScript.Annotations", "Core\Umbrella.TypeScript.Annotations\Umbrella.TypeScript.Annotations.csproj", "{55BED670-A11E-4516-BC33-52855F022D30}"
EndProject
Project("{9A19103F-16F7-4668-BE54-9A1E7A4F7556}") = "Umbrella.TypeScript.Tools", "Core\Umbrella.TypeScript.Tools\Umbrella.TypeScript.Tools.csproj", "{8DE8C471-2ED0-4B28-94D0-742BF89D543F}"
EndProject
Project("{9A19103F-16F7-4668-BE54-9A1E7A4F7556}") = "Umbrella.AspNetCore.WebUtilities.DynamicImage", "AspNetCore\Umbrella.AspNetCore.WebUtilities.DynamicImage\Umbrella.AspNetCore.WebUtilities.DynamicImage.csproj", "{2C6B1D0D-EDA4-4125-B3A3-EFAD6D8C7A15}"
EndProject
Project("{FAE04EC0-301F-11D3-BF4B-00C04F79EFBC}") = "Umbrella.TypeScript", "Core\Umbrella.TypeScript\Umbrella.TypeScript.csproj", "{26DE1D59-0106-4C38-9722-1A3C373C662E}"
EndProject
Global
	GlobalSection(SolutionConfigurationPlatforms) = preSolution
		Debug|Any CPU = Debug|Any CPU
		Release|Any CPU = Release|Any CPU
	EndGlobalSection
	GlobalSection(ProjectConfigurationPlatforms) = postSolution
		{8E28E28C-BE21-4707-B32B-02246D62EE79}.Debug|Any CPU.ActiveCfg = Debug|Any CPU
		{8E28E28C-BE21-4707-B32B-02246D62EE79}.Debug|Any CPU.Build.0 = Debug|Any CPU
		{8E28E28C-BE21-4707-B32B-02246D62EE79}.Release|Any CPU.ActiveCfg = Release|Any CPU
		{8E28E28C-BE21-4707-B32B-02246D62EE79}.Release|Any CPU.Build.0 = Release|Any CPU
		{51D68721-517F-4A5C-91EF-1C5EFC18798E}.Debug|Any CPU.ActiveCfg = Debug|Any CPU
		{51D68721-517F-4A5C-91EF-1C5EFC18798E}.Debug|Any CPU.Build.0 = Debug|Any CPU
		{51D68721-517F-4A5C-91EF-1C5EFC18798E}.Release|Any CPU.ActiveCfg = Release|Any CPU
		{51D68721-517F-4A5C-91EF-1C5EFC18798E}.Release|Any CPU.Build.0 = Release|Any CPU
		{38863552-10BC-4F81-B281-74435D4C7485}.Debug|Any CPU.ActiveCfg = Debug|Any CPU
		{38863552-10BC-4F81-B281-74435D4C7485}.Debug|Any CPU.Build.0 = Debug|Any CPU
		{38863552-10BC-4F81-B281-74435D4C7485}.Release|Any CPU.ActiveCfg = Release|Any CPU
		{38863552-10BC-4F81-B281-74435D4C7485}.Release|Any CPU.Build.0 = Release|Any CPU
		{650A5A85-5956-491E-9312-5E25A27D1108}.Debug|Any CPU.ActiveCfg = Debug|Any CPU
		{650A5A85-5956-491E-9312-5E25A27D1108}.Debug|Any CPU.Build.0 = Debug|Any CPU
		{650A5A85-5956-491E-9312-5E25A27D1108}.Release|Any CPU.ActiveCfg = Release|Any CPU
		{650A5A85-5956-491E-9312-5E25A27D1108}.Release|Any CPU.Build.0 = Release|Any CPU
		{5776DF6A-F53F-4A3E-AAE2-566EDC77DB29}.Debug|Any CPU.ActiveCfg = Debug|Any CPU
		{5776DF6A-F53F-4A3E-AAE2-566EDC77DB29}.Debug|Any CPU.Build.0 = Debug|Any CPU
		{5776DF6A-F53F-4A3E-AAE2-566EDC77DB29}.Release|Any CPU.ActiveCfg = Release|Any CPU
		{5776DF6A-F53F-4A3E-AAE2-566EDC77DB29}.Release|Any CPU.Build.0 = Release|Any CPU
		{5926B995-BF16-40E7-960B-E7F12BC8B74B}.Debug|Any CPU.ActiveCfg = Debug|Any CPU
		{5926B995-BF16-40E7-960B-E7F12BC8B74B}.Debug|Any CPU.Build.0 = Debug|Any CPU
		{5926B995-BF16-40E7-960B-E7F12BC8B74B}.Release|Any CPU.ActiveCfg = Release|Any CPU
		{5926B995-BF16-40E7-960B-E7F12BC8B74B}.Release|Any CPU.Build.0 = Release|Any CPU
		{89194FB0-E735-4A79-91E5-C02B8E631DA0}.Debug|Any CPU.ActiveCfg = Debug|Any CPU
		{89194FB0-E735-4A79-91E5-C02B8E631DA0}.Debug|Any CPU.Build.0 = Debug|Any CPU
		{89194FB0-E735-4A79-91E5-C02B8E631DA0}.Release|Any CPU.ActiveCfg = Release|Any CPU
		{89194FB0-E735-4A79-91E5-C02B8E631DA0}.Release|Any CPU.Build.0 = Release|Any CPU
		{EF7FC951-650A-4B87-87CA-E1350B24AB66}.Debug|Any CPU.ActiveCfg = Debug|Any CPU
		{EF7FC951-650A-4B87-87CA-E1350B24AB66}.Debug|Any CPU.Build.0 = Debug|Any CPU
		{EF7FC951-650A-4B87-87CA-E1350B24AB66}.Release|Any CPU.ActiveCfg = Release|Any CPU
		{EF7FC951-650A-4B87-87CA-E1350B24AB66}.Release|Any CPU.Build.0 = Release|Any CPU
		{C3BBA42E-29A0-41B8-B22C-C47A416D531A}.Debug|Any CPU.ActiveCfg = Debug|Any CPU
		{C3BBA42E-29A0-41B8-B22C-C47A416D531A}.Debug|Any CPU.Build.0 = Debug|Any CPU
		{C3BBA42E-29A0-41B8-B22C-C47A416D531A}.Release|Any CPU.ActiveCfg = Release|Any CPU
		{C3BBA42E-29A0-41B8-B22C-C47A416D531A}.Release|Any CPU.Build.0 = Release|Any CPU
		{37315368-C0EF-4DEA-BA1D-D514B9FB7F42}.Debug|Any CPU.ActiveCfg = Debug|Any CPU
		{37315368-C0EF-4DEA-BA1D-D514B9FB7F42}.Debug|Any CPU.Build.0 = Debug|Any CPU
		{37315368-C0EF-4DEA-BA1D-D514B9FB7F42}.Release|Any CPU.ActiveCfg = Release|Any CPU
		{37315368-C0EF-4DEA-BA1D-D514B9FB7F42}.Release|Any CPU.Build.0 = Release|Any CPU
		{90EE8E03-55F4-4EBB-8AB5-35848CECA09C}.Debug|Any CPU.ActiveCfg = Debug|Any CPU
		{90EE8E03-55F4-4EBB-8AB5-35848CECA09C}.Debug|Any CPU.Build.0 = Debug|Any CPU
		{90EE8E03-55F4-4EBB-8AB5-35848CECA09C}.Release|Any CPU.ActiveCfg = Release|Any CPU
		{90EE8E03-55F4-4EBB-8AB5-35848CECA09C}.Release|Any CPU.Build.0 = Release|Any CPU
		{EDCADC38-86E4-478E-9F0C-374F523D7FC1}.Debug|Any CPU.ActiveCfg = Debug|Any CPU
		{EDCADC38-86E4-478E-9F0C-374F523D7FC1}.Debug|Any CPU.Build.0 = Debug|Any CPU
		{EDCADC38-86E4-478E-9F0C-374F523D7FC1}.Release|Any CPU.ActiveCfg = Release|Any CPU
		{EDCADC38-86E4-478E-9F0C-374F523D7FC1}.Release|Any CPU.Build.0 = Release|Any CPU
		{15E0827C-6AED-4295-B5F9-9EB564B41DC0}.Debug|Any CPU.ActiveCfg = Debug|Any CPU
		{15E0827C-6AED-4295-B5F9-9EB564B41DC0}.Debug|Any CPU.Build.0 = Debug|Any CPU
		{15E0827C-6AED-4295-B5F9-9EB564B41DC0}.Release|Any CPU.ActiveCfg = Release|Any CPU
		{15E0827C-6AED-4295-B5F9-9EB564B41DC0}.Release|Any CPU.Build.0 = Release|Any CPU
		{B630BB27-C12D-4DF5-B4CA-B8E3DFF31224}.Debug|Any CPU.ActiveCfg = Debug|Any CPU
		{B630BB27-C12D-4DF5-B4CA-B8E3DFF31224}.Debug|Any CPU.Build.0 = Debug|Any CPU
		{B630BB27-C12D-4DF5-B4CA-B8E3DFF31224}.Release|Any CPU.ActiveCfg = Release|Any CPU
		{B630BB27-C12D-4DF5-B4CA-B8E3DFF31224}.Release|Any CPU.Build.0 = Release|Any CPU
		{B9E9EE53-0ACA-4277-A330-BF6FC378D78C}.Debug|Any CPU.ActiveCfg = Debug|Any CPU
		{B9E9EE53-0ACA-4277-A330-BF6FC378D78C}.Debug|Any CPU.Build.0 = Debug|Any CPU
		{B9E9EE53-0ACA-4277-A330-BF6FC378D78C}.Release|Any CPU.ActiveCfg = Release|Any CPU
		{B9E9EE53-0ACA-4277-A330-BF6FC378D78C}.Release|Any CPU.Build.0 = Release|Any CPU
		{C32F4651-FA81-494A-A7DE-AAE67FB98894}.Debug|Any CPU.ActiveCfg = Debug|Any CPU
		{C32F4651-FA81-494A-A7DE-AAE67FB98894}.Debug|Any CPU.Build.0 = Debug|Any CPU
		{C32F4651-FA81-494A-A7DE-AAE67FB98894}.Release|Any CPU.ActiveCfg = Release|Any CPU
		{C32F4651-FA81-494A-A7DE-AAE67FB98894}.Release|Any CPU.Build.0 = Release|Any CPU
		{0D791BBA-1AD1-4582-BB74-80B16DB33B83}.Debug|Any CPU.ActiveCfg = Debug|Any CPU
		{0D791BBA-1AD1-4582-BB74-80B16DB33B83}.Debug|Any CPU.Build.0 = Debug|Any CPU
		{0D791BBA-1AD1-4582-BB74-80B16DB33B83}.Release|Any CPU.ActiveCfg = Release|Any CPU
		{0D791BBA-1AD1-4582-BB74-80B16DB33B83}.Release|Any CPU.Build.0 = Release|Any CPU
		{7BE358A0-6265-496F-9A6F-CB5B00653FB8}.Debug|Any CPU.ActiveCfg = Debug|Any CPU
		{7BE358A0-6265-496F-9A6F-CB5B00653FB8}.Debug|Any CPU.Build.0 = Debug|Any CPU
		{7BE358A0-6265-496F-9A6F-CB5B00653FB8}.Release|Any CPU.ActiveCfg = Release|Any CPU
		{7BE358A0-6265-496F-9A6F-CB5B00653FB8}.Release|Any CPU.Build.0 = Release|Any CPU
		{DD6291D9-ED12-4153-AD69-FB4D22AAE27D}.Debug|Any CPU.ActiveCfg = Debug|Any CPU
		{DD6291D9-ED12-4153-AD69-FB4D22AAE27D}.Debug|Any CPU.Build.0 = Debug|Any CPU
		{DD6291D9-ED12-4153-AD69-FB4D22AAE27D}.Release|Any CPU.ActiveCfg = Release|Any CPU
		{DD6291D9-ED12-4153-AD69-FB4D22AAE27D}.Release|Any CPU.Build.0 = Release|Any CPU
		{30E0534C-8994-494E-8877-5ECA9FFD98BC}.Debug|Any CPU.ActiveCfg = Debug|Any CPU
		{30E0534C-8994-494E-8877-5ECA9FFD98BC}.Debug|Any CPU.Build.0 = Debug|Any CPU
		{30E0534C-8994-494E-8877-5ECA9FFD98BC}.Release|Any CPU.ActiveCfg = Release|Any CPU
		{30E0534C-8994-494E-8877-5ECA9FFD98BC}.Release|Any CPU.Build.0 = Release|Any CPU
		{B432210E-757E-463D-8E53-461BF0AC9978}.Debug|Any CPU.ActiveCfg = Debug|Any CPU
		{B432210E-757E-463D-8E53-461BF0AC9978}.Debug|Any CPU.Build.0 = Debug|Any CPU
		{B432210E-757E-463D-8E53-461BF0AC9978}.Release|Any CPU.ActiveCfg = Release|Any CPU
		{B432210E-757E-463D-8E53-461BF0AC9978}.Release|Any CPU.Build.0 = Release|Any CPU
		{F0868FBD-BC81-431F-9A45-8E10BBC08E7A}.Debug|Any CPU.ActiveCfg = Debug|Any CPU
		{F0868FBD-BC81-431F-9A45-8E10BBC08E7A}.Debug|Any CPU.Build.0 = Debug|Any CPU
		{F0868FBD-BC81-431F-9A45-8E10BBC08E7A}.Release|Any CPU.ActiveCfg = Release|Any CPU
		{F0868FBD-BC81-431F-9A45-8E10BBC08E7A}.Release|Any CPU.Build.0 = Release|Any CPU
		{D01EAD16-E976-473E-9680-BB7FA7D35847}.Debug|Any CPU.ActiveCfg = Debug|Any CPU
		{D01EAD16-E976-473E-9680-BB7FA7D35847}.Debug|Any CPU.Build.0 = Debug|Any CPU
		{D01EAD16-E976-473E-9680-BB7FA7D35847}.Release|Any CPU.ActiveCfg = Release|Any CPU
		{D01EAD16-E976-473E-9680-BB7FA7D35847}.Release|Any CPU.Build.0 = Release|Any CPU
		{F07EDE25-B6E9-4D2D-903A-C36E850C0C94}.Debug|Any CPU.ActiveCfg = Debug|Any CPU
		{F07EDE25-B6E9-4D2D-903A-C36E850C0C94}.Debug|Any CPU.Build.0 = Debug|Any CPU
		{F07EDE25-B6E9-4D2D-903A-C36E850C0C94}.Release|Any CPU.ActiveCfg = Release|Any CPU
		{F07EDE25-B6E9-4D2D-903A-C36E850C0C94}.Release|Any CPU.Build.0 = Release|Any CPU
		{5B1F4B31-7E84-4FB1-9CBE-B4DBFE8318CD}.Debug|Any CPU.ActiveCfg = Debug|Any CPU
		{5B1F4B31-7E84-4FB1-9CBE-B4DBFE8318CD}.Debug|Any CPU.Build.0 = Debug|Any CPU
		{5B1F4B31-7E84-4FB1-9CBE-B4DBFE8318CD}.Release|Any CPU.ActiveCfg = Release|Any CPU
		{5B1F4B31-7E84-4FB1-9CBE-B4DBFE8318CD}.Release|Any CPU.Build.0 = Release|Any CPU
		{D81FA226-D316-4284-BFE0-8F3C43428506}.Debug|Any CPU.ActiveCfg = Debug|Any CPU
		{D81FA226-D316-4284-BFE0-8F3C43428506}.Debug|Any CPU.Build.0 = Debug|Any CPU
		{D81FA226-D316-4284-BFE0-8F3C43428506}.Release|Any CPU.ActiveCfg = Release|Any CPU
		{D81FA226-D316-4284-BFE0-8F3C43428506}.Release|Any CPU.Build.0 = Release|Any CPU
		{9A5FD4FF-9804-4B64-B483-23A02BCE431E}.Debug|Any CPU.ActiveCfg = Debug|Any CPU
		{9A5FD4FF-9804-4B64-B483-23A02BCE431E}.Debug|Any CPU.Build.0 = Debug|Any CPU
		{9A5FD4FF-9804-4B64-B483-23A02BCE431E}.Release|Any CPU.ActiveCfg = Release|Any CPU
		{9A5FD4FF-9804-4B64-B483-23A02BCE431E}.Release|Any CPU.Build.0 = Release|Any CPU
		{552F0401-14AE-4D2C-BF4E-ED6471201D71}.Debug|Any CPU.ActiveCfg = Debug|Any CPU
		{552F0401-14AE-4D2C-BF4E-ED6471201D71}.Debug|Any CPU.Build.0 = Debug|Any CPU
		{552F0401-14AE-4D2C-BF4E-ED6471201D71}.Release|Any CPU.ActiveCfg = Release|Any CPU
		{552F0401-14AE-4D2C-BF4E-ED6471201D71}.Release|Any CPU.Build.0 = Release|Any CPU
		{0A2DD608-EDFF-446F-87D4-A99141E90EB1}.Debug|Any CPU.ActiveCfg = Debug|Any CPU
		{0A2DD608-EDFF-446F-87D4-A99141E90EB1}.Debug|Any CPU.Build.0 = Debug|Any CPU
		{0A2DD608-EDFF-446F-87D4-A99141E90EB1}.Release|Any CPU.ActiveCfg = Release|Any CPU
		{0A2DD608-EDFF-446F-87D4-A99141E90EB1}.Release|Any CPU.Build.0 = Release|Any CPU
		{907E51AA-0997-4E70-A28C-23DB4374E406}.Debug|Any CPU.ActiveCfg = Debug|Any CPU
		{907E51AA-0997-4E70-A28C-23DB4374E406}.Debug|Any CPU.Build.0 = Debug|Any CPU
		{907E51AA-0997-4E70-A28C-23DB4374E406}.Release|Any CPU.ActiveCfg = Release|Any CPU
		{907E51AA-0997-4E70-A28C-23DB4374E406}.Release|Any CPU.Build.0 = Release|Any CPU
		{90EC7DCA-8B0F-4833-A60C-223EC3138E36}.Debug|Any CPU.ActiveCfg = Debug|Any CPU
		{90EC7DCA-8B0F-4833-A60C-223EC3138E36}.Debug|Any CPU.Build.0 = Debug|Any CPU
		{90EC7DCA-8B0F-4833-A60C-223EC3138E36}.Release|Any CPU.ActiveCfg = Release|Any CPU
		{90EC7DCA-8B0F-4833-A60C-223EC3138E36}.Release|Any CPU.Build.0 = Release|Any CPU
		{FCED5D85-E986-4613-AB53-482B919B5B4C}.Debug|Any CPU.ActiveCfg = Debug|Any CPU
		{FCED5D85-E986-4613-AB53-482B919B5B4C}.Debug|Any CPU.Build.0 = Debug|Any CPU
		{FCED5D85-E986-4613-AB53-482B919B5B4C}.Release|Any CPU.ActiveCfg = Release|Any CPU
		{FCED5D85-E986-4613-AB53-482B919B5B4C}.Release|Any CPU.Build.0 = Release|Any CPU
		{84DFDC8D-F798-4B7F-83B1-A9EF8D345565}.Debug|Any CPU.ActiveCfg = Debug|Any CPU
		{84DFDC8D-F798-4B7F-83B1-A9EF8D345565}.Debug|Any CPU.Build.0 = Debug|Any CPU
		{84DFDC8D-F798-4B7F-83B1-A9EF8D345565}.Release|Any CPU.ActiveCfg = Release|Any CPU
		{84DFDC8D-F798-4B7F-83B1-A9EF8D345565}.Release|Any CPU.Build.0 = Release|Any CPU
		{FE1010FA-192E-4C9E-B1A5-89073631DDC2}.Debug|Any CPU.ActiveCfg = Debug|Any CPU
		{FE1010FA-192E-4C9E-B1A5-89073631DDC2}.Debug|Any CPU.Build.0 = Debug|Any CPU
		{FE1010FA-192E-4C9E-B1A5-89073631DDC2}.Release|Any CPU.ActiveCfg = Release|Any CPU
		{FE1010FA-192E-4C9E-B1A5-89073631DDC2}.Release|Any CPU.Build.0 = Release|Any CPU
		{C08A58A4-136B-4A57-948E-F29324022225}.Debug|Any CPU.ActiveCfg = Debug|Any CPU
		{C08A58A4-136B-4A57-948E-F29324022225}.Debug|Any CPU.Build.0 = Debug|Any CPU
		{C08A58A4-136B-4A57-948E-F29324022225}.Release|Any CPU.ActiveCfg = Release|Any CPU
		{C08A58A4-136B-4A57-948E-F29324022225}.Release|Any CPU.Build.0 = Release|Any CPU
		{55BED670-A11E-4516-BC33-52855F022D30}.Debug|Any CPU.ActiveCfg = Debug|Any CPU
		{55BED670-A11E-4516-BC33-52855F022D30}.Debug|Any CPU.Build.0 = Debug|Any CPU
		{55BED670-A11E-4516-BC33-52855F022D30}.Release|Any CPU.ActiveCfg = Release|Any CPU
		{55BED670-A11E-4516-BC33-52855F022D30}.Release|Any CPU.Build.0 = Release|Any CPU
		{8DE8C471-2ED0-4B28-94D0-742BF89D543F}.Debug|Any CPU.ActiveCfg = Debug|Any CPU
		{8DE8C471-2ED0-4B28-94D0-742BF89D543F}.Debug|Any CPU.Build.0 = Debug|Any CPU
		{8DE8C471-2ED0-4B28-94D0-742BF89D543F}.Release|Any CPU.ActiveCfg = Release|Any CPU
		{8DE8C471-2ED0-4B28-94D0-742BF89D543F}.Release|Any CPU.Build.0 = Release|Any CPU
		{2C6B1D0D-EDA4-4125-B3A3-EFAD6D8C7A15}.Debug|Any CPU.ActiveCfg = Debug|Any CPU
		{2C6B1D0D-EDA4-4125-B3A3-EFAD6D8C7A15}.Debug|Any CPU.Build.0 = Debug|Any CPU
		{2C6B1D0D-EDA4-4125-B3A3-EFAD6D8C7A15}.Release|Any CPU.ActiveCfg = Release|Any CPU
		{2C6B1D0D-EDA4-4125-B3A3-EFAD6D8C7A15}.Release|Any CPU.Build.0 = Release|Any CPU
		{26DE1D59-0106-4C38-9722-1A3C373C662E}.Debug|Any CPU.ActiveCfg = Debug|Any CPU
		{26DE1D59-0106-4C38-9722-1A3C373C662E}.Debug|Any CPU.Build.0 = Debug|Any CPU
		{26DE1D59-0106-4C38-9722-1A3C373C662E}.Release|Any CPU.ActiveCfg = Release|Any CPU
		{26DE1D59-0106-4C38-9722-1A3C373C662E}.Release|Any CPU.Build.0 = Release|Any CPU
	EndGlobalSection
	GlobalSection(SolutionProperties) = preSolution
		HideSolutionNode = FALSE
	EndGlobalSection
	GlobalSection(NestedProjects) = preSolution
		{8E28E28C-BE21-4707-B32B-02246D62EE79} = {9EA3F4AE-0260-4B8A-98AD-25803026D4E5}
		{51D68721-517F-4A5C-91EF-1C5EFC18798E} = {9EA3F4AE-0260-4B8A-98AD-25803026D4E5}
		{38863552-10BC-4F81-B281-74435D4C7485} = {9EA3F4AE-0260-4B8A-98AD-25803026D4E5}
		{650A5A85-5956-491E-9312-5E25A27D1108} = {32ADE78B-DA1F-4286-ACCB-C83EB2390041}
		{5776DF6A-F53F-4A3E-AAE2-566EDC77DB29} = {13C6F057-3FA8-4E45-BB6D-09E958B0A4C2}
		{5926B995-BF16-40E7-960B-E7F12BC8B74B} = {1EBEFC37-2819-4585-8667-21F1D84755EC}
		{89194FB0-E735-4A79-91E5-C02B8E631DA0} = {9EA3F4AE-0260-4B8A-98AD-25803026D4E5}
		{EF7FC951-650A-4B87-87CA-E1350B24AB66} = {32ADE78B-DA1F-4286-ACCB-C83EB2390041}
		{C3BBA42E-29A0-41B8-B22C-C47A416D531A} = {9EA3F4AE-0260-4B8A-98AD-25803026D4E5}
		{37315368-C0EF-4DEA-BA1D-D514B9FB7F42} = {13C6F057-3FA8-4E45-BB6D-09E958B0A4C2}
		{90EE8E03-55F4-4EBB-8AB5-35848CECA09C} = {32ADE78B-DA1F-4286-ACCB-C83EB2390041}
		{EDCADC38-86E4-478E-9F0C-374F523D7FC1} = {13C6F057-3FA8-4E45-BB6D-09E958B0A4C2}
		{15E0827C-6AED-4295-B5F9-9EB564B41DC0} = {9EA3F4AE-0260-4B8A-98AD-25803026D4E5}
		{B630BB27-C12D-4DF5-B4CA-B8E3DFF31224} = {13C6F057-3FA8-4E45-BB6D-09E958B0A4C2}
		{B9E9EE53-0ACA-4277-A330-BF6FC378D78C} = {9EA3F4AE-0260-4B8A-98AD-25803026D4E5}
		{C32F4651-FA81-494A-A7DE-AAE67FB98894} = {9EA3F4AE-0260-4B8A-98AD-25803026D4E5}
		{0D791BBA-1AD1-4582-BB74-80B16DB33B83} = {082CC5EA-0A89-4119-ADF0-4D832D1419A2}
		{7BE358A0-6265-496F-9A6F-CB5B00653FB8} = {082CC5EA-0A89-4119-ADF0-4D832D1419A2}
		{DD6291D9-ED12-4153-AD69-FB4D22AAE27D} = {082CC5EA-0A89-4119-ADF0-4D832D1419A2}
		{30E0534C-8994-494E-8877-5ECA9FFD98BC} = {082CC5EA-0A89-4119-ADF0-4D832D1419A2}
		{B432210E-757E-463D-8E53-461BF0AC9978} = {9EA3F4AE-0260-4B8A-98AD-25803026D4E5}
		{F0868FBD-BC81-431F-9A45-8E10BBC08E7A} = {9EA3F4AE-0260-4B8A-98AD-25803026D4E5}
		{D01EAD16-E976-473E-9680-BB7FA7D35847} = {9EA3F4AE-0260-4B8A-98AD-25803026D4E5}
		{F07EDE25-B6E9-4D2D-903A-C36E850C0C94} = {57500288-3639-445F-8E6E-D66057C5CD99}
		{5B1F4B31-7E84-4FB1-9CBE-B4DBFE8318CD} = {9EA3F4AE-0260-4B8A-98AD-25803026D4E5}
		{D81FA226-D316-4284-BFE0-8F3C43428506} = {9EA3F4AE-0260-4B8A-98AD-25803026D4E5}
		{9A5FD4FF-9804-4B64-B483-23A02BCE431E} = {9EA3F4AE-0260-4B8A-98AD-25803026D4E5}
		{552F0401-14AE-4D2C-BF4E-ED6471201D71} = {9EA3F4AE-0260-4B8A-98AD-25803026D4E5}
		{0A2DD608-EDFF-446F-87D4-A99141E90EB1} = {57500288-3639-445F-8E6E-D66057C5CD99}
		{907E51AA-0997-4E70-A28C-23DB4374E406} = {9EA3F4AE-0260-4B8A-98AD-25803026D4E5}
		{90EC7DCA-8B0F-4833-A60C-223EC3138E36} = {9EA3F4AE-0260-4B8A-98AD-25803026D4E5}
		{FCED5D85-E986-4613-AB53-482B919B5B4C} = {13C6F057-3FA8-4E45-BB6D-09E958B0A4C2}
		{84DFDC8D-F798-4B7F-83B1-A9EF8D345565} = {082CC5EA-0A89-4119-ADF0-4D832D1419A2}
		{FE1010FA-192E-4C9E-B1A5-89073631DDC2} = {57500288-3639-445F-8E6E-D66057C5CD99}
		{C08A58A4-136B-4A57-948E-F29324022225} = {2606B945-AF74-4E4B-A665-BF5DBA99C332}
		{55BED670-A11E-4516-BC33-52855F022D30} = {9EA3F4AE-0260-4B8A-98AD-25803026D4E5}
		{8DE8C471-2ED0-4B28-94D0-742BF89D543F} = {9EA3F4AE-0260-4B8A-98AD-25803026D4E5}
		{2C6B1D0D-EDA4-4125-B3A3-EFAD6D8C7A15} = {57500288-3639-445F-8E6E-D66057C5CD99}
		{26DE1D59-0106-4C38-9722-1A3C373C662E} = {9EA3F4AE-0260-4B8A-98AD-25803026D4E5}
	EndGlobalSection
EndGlobal
